// !$*UTF8*$!
{
	archiveVersion = 1;
	classes = {
	};
	objectVersion = 56;
	objects = {

/* Begin PBXBuildFile section */
		3213A86E2C3BAC9700509BCB /* ViewModifiers.swift in Sources */ = {isa = PBXBuildFile; fileRef = 3213A86D2C3BAC9700509BCB /* ViewModifiers.swift */; };
		3213A8702C3BE17800509BCB /* User.swift in Sources */ = {isa = PBXBuildFile; fileRef = 3213A86F2C3BE17800509BCB /* User.swift */; };
		3213A8722C3BE58100509BCB /* Date.swift in Sources */ = {isa = PBXBuildFile; fileRef = 3213A8712C3BE58100509BCB /* Date.swift */; };
		3213A8762C3BFC5B00509BCB /* String.swift in Sources */ = {isa = PBXBuildFile; fileRef = 3213A8752C3BFC5B00509BCB /* String.swift */; };
		3213A87B2C3C826200509BCB /* ChangePasswordView.swift in Sources */ = {isa = PBXBuildFile; fileRef = 3213A87A2C3C826200509BCB /* ChangePasswordView.swift */; };
		323D7A7B2C41719E00C6AB95 /* AdminStaffAddView.swift in Sources */ = {isa = PBXBuildFile; fileRef = 323D7A7A2C41719E00C6AB95 /* AdminStaffAddView.swift */; };
		324C9CD82C355D4800712E84 /* iHospital_AdminApp.swift in Sources */ = {isa = PBXBuildFile; fileRef = 324C9CD72C355D4800712E84 /* iHospital_AdminApp.swift */; };
		324C9CDC2C355D4A00712E84 /* Assets.xcassets in Resources */ = {isa = PBXBuildFile; fileRef = 324C9CDB2C355D4A00712E84 /* Assets.xcassets */; };
		324C9CDF2C355D4A00712E84 /* Preview Assets.xcassets in Resources */ = {isa = PBXBuildFile; fileRef = 324C9CDE2C355D4A00712E84 /* Preview Assets.xcassets */; };
		324C9CED2C35CDF400712E84 /* LoginView.swift in Sources */ = {isa = PBXBuildFile; fileRef = 324C9CEC2C35CDF400712E84 /* LoginView.swift */; };
		324C9CF02C35D7B200712E84 /* Supabase.swift in Sources */ = {isa = PBXBuildFile; fileRef = 324C9CEF2C35D7B200712E84 /* Supabase.swift */; };
		324C9CF32C35D7D900712E84 /* Auth in Frameworks */ = {isa = PBXBuildFile; productRef = 324C9CF22C35D7D900712E84 /* Auth */; };
		324C9CF52C35D7D900712E84 /* Storage in Frameworks */ = {isa = PBXBuildFile; productRef = 324C9CF42C35D7D900712E84 /* Storage */; };
		324C9CF82C35D7E200712E84 /* Supabase in Frameworks */ = {isa = PBXBuildFile; productRef = 324C9CF72C35D7E200712E84 /* Supabase */; };
		324C9CFA2C35D7F400712E84 /* Constants.swift in Sources */ = {isa = PBXBuildFile; fileRef = 324C9CF92C35D7F400712E84 /* Constants.swift */; };
		324C9CFC2C35D85800712E84 /* SupaUser.swift in Sources */ = {isa = PBXBuildFile; fileRef = 324C9CFB2C35D85800712E84 /* SupaUser.swift */; };
		324C9CFF2C35D9B600712E84 /* Roles.swift in Sources */ = {isa = PBXBuildFile; fileRef = 324C9CFE2C35D9B600712E84 /* Roles.swift */; };
		324C9D052C35E24500712E84 /* LoaderButton.swift in Sources */ = {isa = PBXBuildFile; fileRef = 324C9D042C35E24500712E84 /* LoaderButton.swift */; };
		325042302C3D0DE500452C0C /* PatienDetailsColumn.swift in Sources */ = {isa = PBXBuildFile; fileRef = 3250422F2C3D0DE500452C0C /* PatienDetailsColumn.swift */; };
		325042322C3DB13F00452C0C /* TextField.swift in Sources */ = {isa = PBXBuildFile; fileRef = 325042312C3DB13F00452C0C /* TextField.swift */; };
		325042342C3DB85B00452C0C /* DoctorAppointmentsTable.swift in Sources */ = {isa = PBXBuildFile; fileRef = 325042332C3DB85B00452C0C /* DoctorAppointmentsTable.swift */; };
		325042362C3DC60100452C0C /* Int.swift in Sources */ = {isa = PBXBuildFile; fileRef = 325042352C3DC60100452C0C /* Int.swift */; };
		325042382C3DD12800452C0C /* SearchBar.swift in Sources */ = {isa = PBXBuildFile; fileRef = 325042372C3DD12800452C0C /* SearchBar.swift */; };
		3250423A2C3DD75900452C0C /* DoctorAppointmentsView.swift in Sources */ = {isa = PBXBuildFile; fileRef = 325042392C3DD75900452C0C /* DoctorAppointmentsView.swift */; };
		325112612C45325F007D89F1 /* LabTestView.swift in Sources */ = {isa = PBXBuildFile; fileRef = 325112602C45325F007D89F1 /* LabTestView.swift */; };
		325112632C45760A007D89F1 /* PDFKitRepresentedView.swift in Sources */ = {isa = PBXBuildFile; fileRef = 325112622C45760A007D89F1 /* PDFKitRepresentedView.swift */; };
		325112652C457756007D89F1 /* DocumentScannerView.swift in Sources */ = {isa = PBXBuildFile; fileRef = 325112642C457756007D89F1 /* DocumentScannerView.swift */; };
		325112672C45807D007D89F1 /* FileManager.swift in Sources */ = {isa = PBXBuildFile; fileRef = 325112662C45807D007D89F1 /* FileManager.swift */; };
		325112692C45833D007D89F1 /* LabTestPDFView.swift in Sources */ = {isa = PBXBuildFile; fileRef = 325112682C45833D007D89F1 /* LabTestPDFView.swift */; };
		3251126B2C4583E5007D89F1 /* CenterSpinner.swift in Sources */ = {isa = PBXBuildFile; fileRef = 3251126A2C4583E5007D89F1 /* CenterSpinner.swift */; };
		3251126D2C45BFBC007D89F1 /* Invoice.swift in Sources */ = {isa = PBXBuildFile; fileRef = 3251126C2C45BFBC007D89F1 /* Invoice.swift */; };
		3251126F2C45BFD7007D89F1 /* BedBooking.swift in Sources */ = {isa = PBXBuildFile; fileRef = 3251126E2C45BFD7007D89F1 /* BedBooking.swift */; };
		3265EFB62C3FA6AD005E9603 /* PDFCreator.swift in Sources */ = {isa = PBXBuildFile; fileRef = 3265EFB52C3FA6AD005E9603 /* PDFCreator.swift */; };
		3265EFB82C3FB3A0005E9603 /* DrawingCanvasView.swift in Sources */ = {isa = PBXBuildFile; fileRef = 3265EFB72C3FB3A0005E9603 /* DrawingCanvasView.swift */; };
		3265EFBA2C3FB42D005E9603 /* DocumentPickerView.swift in Sources */ = {isa = PBXBuildFile; fileRef = 3265EFB92C3FB42D005E9603 /* DocumentPickerView.swift */; };
		3265EFBC2C3FB6D7005E9603 /* DoctorAddPatientMedicalRecordView.swift in Sources */ = {isa = PBXBuildFile; fileRef = 3265EFBB2C3FB6D7005E9603 /* DoctorAddPatientMedicalRecordView.swift */; };
		3265EFBE2C3FBB65005E9603 /* Double.swift in Sources */ = {isa = PBXBuildFile; fileRef = 3265EFBD2C3FBB65005E9603 /* Double.swift */; };
		3265EFC02C4006F8005E9603 /* AdminDoctorInfoView.swift in Sources */ = {isa = PBXBuildFile; fileRef = 3265EFBF2C4006F8005E9603 /* AdminDoctorInfoView.swift */; };
		3265EFC22C4031E7005E9603 /* PatientViewModel.swift in Sources */ = {isa = PBXBuildFile; fileRef = 3265EFC12C4031E7005E9603 /* PatientViewModel.swift */; };
		3265EFC52C4044F5005E9603 /* PrescriptionPDFView.swift in Sources */ = {isa = PBXBuildFile; fileRef = 3265EFC42C4044F5005E9603 /* PrescriptionPDFView.swift */; };
		3265EFC72C40534D005E9603 /* MedicalRecord.swift in Sources */ = {isa = PBXBuildFile; fileRef = 3265EFC62C40534D005E9603 /* MedicalRecord.swift */; };
		3265EFC92C4055F3005E9603 /* LabTest.swift in Sources */ = {isa = PBXBuildFile; fileRef = 3265EFC82C4055F3005E9603 /* LabTest.swift */; };
		3265EFCB2C40DC03005E9603 /* NavigationManager.swift in Sources */ = {isa = PBXBuildFile; fileRef = 3265EFCA2C40DC03005E9603 /* NavigationManager.swift */; };
		3284098D2C380C0600473841 /* BloodGroup.swift in Sources */ = {isa = PBXBuildFile; fileRef = 3284098C2C380C0600473841 /* BloodGroup.swift */; };
		328752522C44EDF2005E5B8F /* LabTechViewModel.swift in Sources */ = {isa = PBXBuildFile; fileRef = 328752512C44EDF2005E5B8F /* LabTechViewModel.swift */; };
		328FECB62C43098D00EFA273 /* Image.swift in Sources */ = {isa = PBXBuildFile; fileRef = 328FECB52C43098D00EFA273 /* Image.swift */; };
		328FECB82C43180900EFA273 /* Staff.swift in Sources */ = {isa = PBXBuildFile; fileRef = 328FECB72C43180900EFA273 /* Staff.swift */; };
		328FECBA2C431FC600EFA273 /* AdminStaffViewModel.swift in Sources */ = {isa = PBXBuildFile; fileRef = 328FECB92C431FC600EFA273 /* AdminStaffViewModel.swift */; };
		32E378EC2C365A790076F2C4 /* Doctor.swift in Sources */ = {isa = PBXBuildFile; fileRef = 32E378EB2C365A790076F2C4 /* Doctor.swift */; };
		32E378EE2C365AA90076F2C4 /* Gender.swift in Sources */ = {isa = PBXBuildFile; fileRef = 32E378ED2C365AA90076F2C4 /* Gender.swift */; };
		32E378F02C365BE20076F2C4 /* Department.swift in Sources */ = {isa = PBXBuildFile; fileRef = 32E378EF2C365BE20076F2C4 /* Department.swift */; };
		32E378F32C367CEF0076F2C4 /* AdminDashboardView.swift in Sources */ = {isa = PBXBuildFile; fileRef = 32E378F22C367CEF0076F2C4 /* AdminDashboardView.swift */; };
		32E378F52C367CF70076F2C4 /* AdminSidebarView.swift in Sources */ = {isa = PBXBuildFile; fileRef = 32E378F42C367CF70076F2C4 /* AdminSidebarView.swift */; };
		32E378F82C3680450076F2C4 /* AdminDepartmentViewModel.swift in Sources */ = {isa = PBXBuildFile; fileRef = 32E378F72C3680450076F2C4 /* AdminDepartmentViewModel.swift */; };
		32E378FA2C36820B0076F2C4 /* AdminDepartmentView.swift in Sources */ = {isa = PBXBuildFile; fileRef = 32E378F92C36820B0076F2C4 /* AdminDepartmentView.swift */; };
		32E378FF2C36CA690076F2C4 /* AdminDoctorViewModel.swift in Sources */ = {isa = PBXBuildFile; fileRef = 32E378FE2C36CA690076F2C4 /* AdminDoctorViewModel.swift */; };
		32E379012C36FB5E0076F2C4 /* AuthViewModel.swift in Sources */ = {isa = PBXBuildFile; fileRef = 32E379002C36FB5E0076F2C4 /* AuthViewModel.swift */; };
		32E379042C370A2F0076F2C4 /* DoctorDashboardView.swift in Sources */ = {isa = PBXBuildFile; fileRef = 32E379032C370A2F0076F2C4 /* DoctorDashboardView.swift */; };
		32E379062C370ADE0076F2C4 /* DoctorViewModel.swift in Sources */ = {isa = PBXBuildFile; fileRef = 32E379052C370ADE0076F2C4 /* DoctorViewModel.swift */; };
		32E379082C3715A80076F2C4 /* DoctorSettingView.swift in Sources */ = {isa = PBXBuildFile; fileRef = 32E379072C3715A80076F2C4 /* DoctorSettingView.swift */; };
		32E3790A2C37195C0076F2C4 /* DateFormatter.swift in Sources */ = {isa = PBXBuildFile; fileRef = 32E379092C37195C0076F2C4 /* DateFormatter.swift */; };
		32E3790C2C371A380076F2C4 /* TimePicker.swift in Sources */ = {isa = PBXBuildFile; fileRef = 32E3790B2C371A380076F2C4 /* TimePicker.swift */; };
		32E3790E2C3721F30076F2C4 /* DoctorDetailsColumn.swift in Sources */ = {isa = PBXBuildFile; fileRef = 32E3790D2C3721F30076F2C4 /* DoctorDetailsColumn.swift */; };
		32E379102C3725210076F2C4 /* DoctorSettings.swift in Sources */ = {isa = PBXBuildFile; fileRef = 32E3790F2C3725210076F2C4 /* DoctorSettings.swift */; };
		480D32052C40E9480028BC62 /* AdminStaffInfoView.swift in Sources */ = {isa = PBXBuildFile; fileRef = 480D32042C40E9480028BC62 /* AdminStaffInfoView.swift */; };
		4850DB5E2C369E56001D10A1 /* AdminAppointmentsTable.swift in Sources */ = {isa = PBXBuildFile; fileRef = 4850DB5D2C369E56001D10A1 /* AdminAppointmentsTable.swift */; };
		4850DB602C36BB50001D10A1 /* Appointment.swift in Sources */ = {isa = PBXBuildFile; fileRef = 4850DB5F2C36BB50001D10A1 /* Appointment.swift */; };
		4850DB682C39876C001D10A1 /* AdminPatientView.swift in Sources */ = {isa = PBXBuildFile; fileRef = 4850DB672C39876C001D10A1 /* AdminPatientView.swift */; };
		4850DB6A2C398BD0001D10A1 /* AdminOutPatientView.swift in Sources */ = {isa = PBXBuildFile; fileRef = 4850DB692C398BD0001D10A1 /* AdminOutPatientView.swift */; };
		4850DB6C2C399090001D10A1 /* AdminInPatientView.swift in Sources */ = {isa = PBXBuildFile; fileRef = 4850DB6B2C399090001D10A1 /* AdminInPatientView.swift */; };
		4850DB6E2C39D3B2001D10A1 /* AdminPatientDetailsView.swift in Sources */ = {isa = PBXBuildFile; fileRef = 4850DB6D2C39D3B2001D10A1 /* AdminPatientDetailsView.swift */; };
		48CFFEB82C42FBB8002E41C8 /* LabTechnicianView.swift in Sources */ = {isa = PBXBuildFile; fileRef = 48CFFEB72C42FBB8002E41C8 /* LabTechnicianView.swift */; };
		8201C8632C36B1040034B93F /* AdminDoctorAddView.swift in Sources */ = {isa = PBXBuildFile; fileRef = 8201C8622C36B1040034B93F /* AdminDoctorAddView.swift */; };
		823FCFAA2C3A4CA500FB69F0 /* ForgotPasswordView.swift in Sources */ = {isa = PBXBuildFile; fileRef = 823FCFA92C3A4CA500FB69F0 /* ForgotPasswordView.swift */; };
		8261F9092C3EF14A00A15B40 /* AdminBedView.swift in Sources */ = {isa = PBXBuildFile; fileRef = 8261F9082C3EF14A00A15B40 /* AdminBedView.swift */; };
		82B90B102C41453D000FCB94 /* AdminStaffView.swift in Sources */ = {isa = PBXBuildFile; fileRef = 82B90B0E2C41453D000FCB94 /* AdminStaffView.swift */; };
		82CBE7892C366F250033B971 /* AdminDoctorListView.swift in Sources */ = {isa = PBXBuildFile; fileRef = 82CBE7882C366F250033B971 /* AdminDoctorListView.swift */; };
		B0839B8B2C39B13A00930FC9 /* DoctorPatientInfoView.swift in Sources */ = {isa = PBXBuildFile; fileRef = B0839B8A2C39B13A00930FC9 /* DoctorPatientInfoView.swift */; };
		D54FB27F2C3672270011304E /* Patient.swift in Sources */ = {isa = PBXBuildFile; fileRef = D54FB27E2C3672270011304E /* Patient.swift */; };
		D5BF32A12C3E50FB00717C28 /* Color.swift in Sources */ = {isa = PBXBuildFile; fileRef = D5BF32A02C3E50FB00717C28 /* Color.swift */; };
/* End PBXBuildFile section */

/* Begin PBXFileReference section */
		3213A86D2C3BAC9700509BCB /* ViewModifiers.swift */ = {isa = PBXFileReference; lastKnownFileType = sourcecode.swift; path = ViewModifiers.swift; sourceTree = "<group>"; };
		3213A86F2C3BE17800509BCB /* User.swift */ = {isa = PBXFileReference; lastKnownFileType = sourcecode.swift; path = User.swift; sourceTree = "<group>"; };
		3213A8712C3BE58100509BCB /* Date.swift */ = {isa = PBXFileReference; lastKnownFileType = sourcecode.swift; path = Date.swift; sourceTree = "<group>"; };
		3213A8752C3BFC5B00509BCB /* String.swift */ = {isa = PBXFileReference; lastKnownFileType = sourcecode.swift; path = String.swift; sourceTree = "<group>"; };
		3213A87A2C3C826200509BCB /* ChangePasswordView.swift */ = {isa = PBXFileReference; lastKnownFileType = sourcecode.swift; path = ChangePasswordView.swift; sourceTree = "<group>"; };
		323D7A7A2C41719E00C6AB95 /* AdminStaffAddView.swift */ = {isa = PBXFileReference; lastKnownFileType = sourcecode.swift; path = AdminStaffAddView.swift; sourceTree = "<group>"; };
		324C9CD42C355D4800712E84 /* iHospital Admin.app */ = {isa = PBXFileReference; explicitFileType = wrapper.application; includeInIndex = 0; path = "iHospital Admin.app"; sourceTree = BUILT_PRODUCTS_DIR; };
		324C9CD72C355D4800712E84 /* iHospital_AdminApp.swift */ = {isa = PBXFileReference; lastKnownFileType = sourcecode.swift; path = iHospital_AdminApp.swift; sourceTree = "<group>"; };
		324C9CDB2C355D4A00712E84 /* Assets.xcassets */ = {isa = PBXFileReference; lastKnownFileType = folder.assetcatalog; path = Assets.xcassets; sourceTree = "<group>"; };
		324C9CDE2C355D4A00712E84 /* Preview Assets.xcassets */ = {isa = PBXFileReference; lastKnownFileType = folder.assetcatalog; path = "Preview Assets.xcassets"; sourceTree = "<group>"; };
		324C9CEC2C35CDF400712E84 /* LoginView.swift */ = {isa = PBXFileReference; lastKnownFileType = sourcecode.swift; path = LoginView.swift; sourceTree = "<group>"; };
		324C9CEF2C35D7B200712E84 /* Supabase.swift */ = {isa = PBXFileReference; lastKnownFileType = sourcecode.swift; path = Supabase.swift; sourceTree = "<group>"; };
		324C9CF92C35D7F400712E84 /* Constants.swift */ = {isa = PBXFileReference; lastKnownFileType = sourcecode.swift; path = Constants.swift; sourceTree = "<group>"; };
		324C9CFB2C35D85800712E84 /* SupaUser.swift */ = {isa = PBXFileReference; lastKnownFileType = sourcecode.swift; path = SupaUser.swift; sourceTree = "<group>"; };
		324C9CFE2C35D9B600712E84 /* Roles.swift */ = {isa = PBXFileReference; lastKnownFileType = sourcecode.swift; path = Roles.swift; sourceTree = "<group>"; };
		324C9D042C35E24500712E84 /* LoaderButton.swift */ = {isa = PBXFileReference; lastKnownFileType = sourcecode.swift; path = LoaderButton.swift; sourceTree = "<group>"; };
		3250422F2C3D0DE500452C0C /* PatienDetailsColumn.swift */ = {isa = PBXFileReference; lastKnownFileType = sourcecode.swift; path = PatienDetailsColumn.swift; sourceTree = "<group>"; };
		325042312C3DB13F00452C0C /* TextField.swift */ = {isa = PBXFileReference; lastKnownFileType = sourcecode.swift; path = TextField.swift; sourceTree = "<group>"; };
		325042332C3DB85B00452C0C /* DoctorAppointmentsTable.swift */ = {isa = PBXFileReference; lastKnownFileType = sourcecode.swift; path = DoctorAppointmentsTable.swift; sourceTree = "<group>"; };
		325042352C3DC60100452C0C /* Int.swift */ = {isa = PBXFileReference; lastKnownFileType = sourcecode.swift; path = Int.swift; sourceTree = "<group>"; };
		325042372C3DD12800452C0C /* SearchBar.swift */ = {isa = PBXFileReference; lastKnownFileType = sourcecode.swift; path = SearchBar.swift; sourceTree = "<group>"; };
		325042392C3DD75900452C0C /* DoctorAppointmentsView.swift */ = {isa = PBXFileReference; lastKnownFileType = sourcecode.swift; path = DoctorAppointmentsView.swift; sourceTree = "<group>"; };
		325112602C45325F007D89F1 /* LabTestView.swift */ = {isa = PBXFileReference; lastKnownFileType = sourcecode.swift; path = LabTestView.swift; sourceTree = "<group>"; };
		325112622C45760A007D89F1 /* PDFKitRepresentedView.swift */ = {isa = PBXFileReference; lastKnownFileType = sourcecode.swift; path = PDFKitRepresentedView.swift; sourceTree = "<group>"; };
		325112642C457756007D89F1 /* DocumentScannerView.swift */ = {isa = PBXFileReference; lastKnownFileType = sourcecode.swift; path = DocumentScannerView.swift; sourceTree = "<group>"; };
		325112662C45807D007D89F1 /* FileManager.swift */ = {isa = PBXFileReference; lastKnownFileType = sourcecode.swift; path = FileManager.swift; sourceTree = "<group>"; };
		325112682C45833D007D89F1 /* LabTestPDFView.swift */ = {isa = PBXFileReference; lastKnownFileType = sourcecode.swift; path = LabTestPDFView.swift; sourceTree = "<group>"; };
		3251126A2C4583E5007D89F1 /* CenterSpinner.swift */ = {isa = PBXFileReference; lastKnownFileType = sourcecode.swift; path = CenterSpinner.swift; sourceTree = "<group>"; };
		3251126C2C45BFBC007D89F1 /* Invoice.swift */ = {isa = PBXFileReference; lastKnownFileType = sourcecode.swift; path = Invoice.swift; sourceTree = "<group>"; };
		3251126E2C45BFD7007D89F1 /* BedBooking.swift */ = {isa = PBXFileReference; lastKnownFileType = sourcecode.swift; path = BedBooking.swift; sourceTree = "<group>"; };
		3265EFB52C3FA6AD005E9603 /* PDFCreator.swift */ = {isa = PBXFileReference; lastKnownFileType = sourcecode.swift; path = PDFCreator.swift; sourceTree = "<group>"; };
		3265EFB72C3FB3A0005E9603 /* DrawingCanvasView.swift */ = {isa = PBXFileReference; lastKnownFileType = sourcecode.swift; path = DrawingCanvasView.swift; sourceTree = "<group>"; };
		3265EFB92C3FB42D005E9603 /* DocumentPickerView.swift */ = {isa = PBXFileReference; lastKnownFileType = sourcecode.swift; path = DocumentPickerView.swift; sourceTree = "<group>"; };
		3265EFBB2C3FB6D7005E9603 /* DoctorAddPatientMedicalRecordView.swift */ = {isa = PBXFileReference; lastKnownFileType = sourcecode.swift; path = DoctorAddPatientMedicalRecordView.swift; sourceTree = "<group>"; };
		3265EFBD2C3FBB65005E9603 /* Double.swift */ = {isa = PBXFileReference; lastKnownFileType = sourcecode.swift; path = Double.swift; sourceTree = "<group>"; };
		3265EFBF2C4006F8005E9603 /* AdminDoctorInfoView.swift */ = {isa = PBXFileReference; lastKnownFileType = sourcecode.swift; path = AdminDoctorInfoView.swift; sourceTree = "<group>"; };
		3265EFC12C4031E7005E9603 /* PatientViewModel.swift */ = {isa = PBXFileReference; lastKnownFileType = sourcecode.swift; path = PatientViewModel.swift; sourceTree = "<group>"; };
		3265EFC42C4044F5005E9603 /* PrescriptionPDFView.swift */ = {isa = PBXFileReference; lastKnownFileType = sourcecode.swift; path = PrescriptionPDFView.swift; sourceTree = "<group>"; };
		3265EFC62C40534D005E9603 /* MedicalRecord.swift */ = {isa = PBXFileReference; lastKnownFileType = sourcecode.swift; path = MedicalRecord.swift; sourceTree = "<group>"; };
		3265EFC82C4055F3005E9603 /* LabTest.swift */ = {isa = PBXFileReference; lastKnownFileType = sourcecode.swift; path = LabTest.swift; sourceTree = "<group>"; };
		3265EFCA2C40DC03005E9603 /* NavigationManager.swift */ = {isa = PBXFileReference; lastKnownFileType = sourcecode.swift; path = NavigationManager.swift; sourceTree = "<group>"; };
		3284098C2C380C0600473841 /* BloodGroup.swift */ = {isa = PBXFileReference; lastKnownFileType = sourcecode.swift; path = BloodGroup.swift; sourceTree = "<group>"; };
		328752512C44EDF2005E5B8F /* LabTechViewModel.swift */ = {isa = PBXFileReference; lastKnownFileType = sourcecode.swift; path = LabTechViewModel.swift; sourceTree = "<group>"; };
		328FECB52C43098D00EFA273 /* Image.swift */ = {isa = PBXFileReference; lastKnownFileType = sourcecode.swift; path = Image.swift; sourceTree = "<group>"; };
		328FECB72C43180900EFA273 /* Staff.swift */ = {isa = PBXFileReference; lastKnownFileType = sourcecode.swift; path = Staff.swift; sourceTree = "<group>"; };
		328FECB92C431FC600EFA273 /* AdminStaffViewModel.swift */ = {isa = PBXFileReference; lastKnownFileType = sourcecode.swift; path = AdminStaffViewModel.swift; sourceTree = "<group>"; };
		32E378EB2C365A790076F2C4 /* Doctor.swift */ = {isa = PBXFileReference; lastKnownFileType = sourcecode.swift; path = Doctor.swift; sourceTree = "<group>"; };
		32E378ED2C365AA90076F2C4 /* Gender.swift */ = {isa = PBXFileReference; lastKnownFileType = sourcecode.swift; path = Gender.swift; sourceTree = "<group>"; };
		32E378EF2C365BE20076F2C4 /* Department.swift */ = {isa = PBXFileReference; lastKnownFileType = sourcecode.swift; path = Department.swift; sourceTree = "<group>"; };
		32E378F22C367CEF0076F2C4 /* AdminDashboardView.swift */ = {isa = PBXFileReference; fileEncoding = 4; lastKnownFileType = sourcecode.swift; path = AdminDashboardView.swift; sourceTree = "<group>"; };
		32E378F42C367CF70076F2C4 /* AdminSidebarView.swift */ = {isa = PBXFileReference; fileEncoding = 4; lastKnownFileType = sourcecode.swift; path = AdminSidebarView.swift; sourceTree = "<group>"; };
		32E378F72C3680450076F2C4 /* AdminDepartmentViewModel.swift */ = {isa = PBXFileReference; lastKnownFileType = sourcecode.swift; path = AdminDepartmentViewModel.swift; sourceTree = "<group>"; };
		32E378F92C36820B0076F2C4 /* AdminDepartmentView.swift */ = {isa = PBXFileReference; lastKnownFileType = sourcecode.swift; path = AdminDepartmentView.swift; sourceTree = "<group>"; };
		32E378FB2C36A9960076F2C4 /* iHospital-Admin-Info.plist */ = {isa = PBXFileReference; lastKnownFileType = text.plist; path = "iHospital-Admin-Info.plist"; sourceTree = SOURCE_ROOT; };
		32E378FE2C36CA690076F2C4 /* AdminDoctorViewModel.swift */ = {isa = PBXFileReference; lastKnownFileType = sourcecode.swift; path = AdminDoctorViewModel.swift; sourceTree = "<group>"; };
		32E379002C36FB5E0076F2C4 /* AuthViewModel.swift */ = {isa = PBXFileReference; lastKnownFileType = sourcecode.swift; path = AuthViewModel.swift; sourceTree = "<group>"; };
		32E379032C370A2F0076F2C4 /* DoctorDashboardView.swift */ = {isa = PBXFileReference; lastKnownFileType = sourcecode.swift; path = DoctorDashboardView.swift; sourceTree = "<group>"; };
		32E379052C370ADE0076F2C4 /* DoctorViewModel.swift */ = {isa = PBXFileReference; lastKnownFileType = sourcecode.swift; path = DoctorViewModel.swift; sourceTree = "<group>"; };
		32E379072C3715A80076F2C4 /* DoctorSettingView.swift */ = {isa = PBXFileReference; lastKnownFileType = sourcecode.swift; path = DoctorSettingView.swift; sourceTree = "<group>"; };
		32E379092C37195C0076F2C4 /* DateFormatter.swift */ = {isa = PBXFileReference; lastKnownFileType = sourcecode.swift; path = DateFormatter.swift; sourceTree = "<group>"; };
		32E3790B2C371A380076F2C4 /* TimePicker.swift */ = {isa = PBXFileReference; lastKnownFileType = sourcecode.swift; path = TimePicker.swift; sourceTree = "<group>"; };
		32E3790D2C3721F30076F2C4 /* DoctorDetailsColumn.swift */ = {isa = PBXFileReference; lastKnownFileType = sourcecode.swift; path = DoctorDetailsColumn.swift; sourceTree = "<group>"; };
		32E3790F2C3725210076F2C4 /* DoctorSettings.swift */ = {isa = PBXFileReference; lastKnownFileType = sourcecode.swift; path = DoctorSettings.swift; sourceTree = "<group>"; };
		32E379132C373F980076F2C4 /* AdminStaffAddView.swift */ = {isa = PBXFileReference; lastKnownFileType = sourcecode.swift; path = AdminStaffAddView.swift; sourceTree = "<group>"; };
		480D32042C40E9480028BC62 /* AdminStaffInfoView.swift */ = {isa = PBXFileReference; lastKnownFileType = sourcecode.swift; path = AdminStaffInfoView.swift; sourceTree = "<group>"; };
		4850DB5D2C369E56001D10A1 /* AdminAppointmentsTable.swift */ = {isa = PBXFileReference; lastKnownFileType = sourcecode.swift; path = AdminAppointmentsTable.swift; sourceTree = "<group>"; };
		4850DB5F2C36BB50001D10A1 /* Appointment.swift */ = {isa = PBXFileReference; lastKnownFileType = sourcecode.swift; path = Appointment.swift; sourceTree = "<group>"; };
		4850DB672C39876C001D10A1 /* AdminPatientView.swift */ = {isa = PBXFileReference; lastKnownFileType = sourcecode.swift; path = AdminPatientView.swift; sourceTree = "<group>"; };
		4850DB692C398BD0001D10A1 /* AdminOutPatientView.swift */ = {isa = PBXFileReference; lastKnownFileType = sourcecode.swift; path = AdminOutPatientView.swift; sourceTree = "<group>"; };
		4850DB6B2C399090001D10A1 /* AdminInPatientView.swift */ = {isa = PBXFileReference; lastKnownFileType = sourcecode.swift; path = AdminInPatientView.swift; sourceTree = "<group>"; };
		4850DB6D2C39D3B2001D10A1 /* AdminPatientDetailsView.swift */ = {isa = PBXFileReference; lastKnownFileType = sourcecode.swift; path = AdminPatientDetailsView.swift; sourceTree = "<group>"; };
		48CFFEB72C42FBB8002E41C8 /* LabTechnicianView.swift */ = {isa = PBXFileReference; lastKnownFileType = sourcecode.swift; path = LabTechnicianView.swift; sourceTree = "<group>"; };
		8201C8622C36B1040034B93F /* AdminDoctorAddView.swift */ = {isa = PBXFileReference; fileEncoding = 4; lastKnownFileType = sourcecode.swift; path = AdminDoctorAddView.swift; sourceTree = "<group>"; };
		823FCFA92C3A4CA500FB69F0 /* ForgotPasswordView.swift */ = {isa = PBXFileReference; lastKnownFileType = sourcecode.swift; path = ForgotPasswordView.swift; sourceTree = "<group>"; };
		8261F9082C3EF14A00A15B40 /* AdminBedView.swift */ = {isa = PBXFileReference; lastKnownFileType = sourcecode.swift; path = AdminBedView.swift; sourceTree = "<group>"; };
		82B90B0E2C41453D000FCB94 /* AdminStaffView.swift */ = {isa = PBXFileReference; fileEncoding = 4; lastKnownFileType = sourcecode.swift; path = AdminStaffView.swift; sourceTree = "<group>"; };
		82CBE7882C366F250033B971 /* AdminDoctorListView.swift */ = {isa = PBXFileReference; lastKnownFileType = sourcecode.swift; path = AdminDoctorListView.swift; sourceTree = "<group>"; };
		B0839B8A2C39B13A00930FC9 /* DoctorPatientInfoView.swift */ = {isa = PBXFileReference; lastKnownFileType = sourcecode.swift; path = DoctorPatientInfoView.swift; sourceTree = "<group>"; };
		D54FB27E2C3672270011304E /* Patient.swift */ = {isa = PBXFileReference; lastKnownFileType = sourcecode.swift; path = Patient.swift; sourceTree = "<group>"; };
		D5BF32A02C3E50FB00717C28 /* Color.swift */ = {isa = PBXFileReference; lastKnownFileType = sourcecode.swift; path = Color.swift; sourceTree = "<group>"; };
/* End PBXFileReference section */

/* Begin PBXFrameworksBuildPhase section */
		324C9CD12C355D4800712E84 /* Frameworks */ = {
			isa = PBXFrameworksBuildPhase;
			buildActionMask = 2147483647;
			files = (
				324C9CF52C35D7D900712E84 /* Storage in Frameworks */,
				324C9CF32C35D7D900712E84 /* Auth in Frameworks */,
				324C9CF82C35D7E200712E84 /* Supabase in Frameworks */,
			);
			runOnlyForDeploymentPostprocessing = 0;
		};
/* End PBXFrameworksBuildPhase section */

/* Begin PBXGroup section */
		3213A8792C3C80A600509BCB /* Auth */ = {
			isa = PBXGroup;
			children = (
				324C9CEC2C35CDF400712E84 /* LoginView.swift */,
				823FCFA92C3A4CA500FB69F0 /* ForgotPasswordView.swift */,
				3213A87A2C3C826200509BCB /* ChangePasswordView.swift */,
			);
			path = Auth;
			sourceTree = "<group>";
		};
		324C9CCB2C355D4800712E84 = {
			isa = PBXGroup;
			children = (
				324C9CD62C355D4800712E84 /* iHospital Admin */,
				324C9CD52C355D4800712E84 /* Products */,
				324C9CF62C35D7E200712E84 /* Frameworks */,
				480D32062C4168F40028BC62 /* Recovered References */,
			);
			sourceTree = "<group>";
		};
		324C9CD52C355D4800712E84 /* Products */ = {
			isa = PBXGroup;
			children = (
				324C9CD42C355D4800712E84 /* iHospital Admin.app */,
			);
			name = Products;
			sourceTree = "<group>";
		};
		324C9CD62C355D4800712E84 /* iHospital Admin */ = {
			isa = PBXGroup;
			children = (
				32E378FB2C36A9960076F2C4 /* iHospital-Admin-Info.plist */,
				324C9D002C35E11200712E84 /* Extensions */,
				324C9D032C35E22B00712E84 /* Components */,
				324C9CFD2C35D9A100712E84 /* Models */,
				324C9CEE2C35D7A600712E84 /* Modules */,
				32E378F62C3680290076F2C4 /* ViewModels */,
				324C9CEB2C35CB6D00712E84 /* Views */,
				324C9CD72C355D4800712E84 /* iHospital_AdminApp.swift */,
				8261F9082C3EF14A00A15B40 /* AdminBedView.swift */,
				324C9CDB2C355D4A00712E84 /* Assets.xcassets */,
				324C9CDD2C355D4A00712E84 /* Preview Content */,
				324C9CF92C35D7F400712E84 /* Constants.swift */,
			);
			path = "iHospital Admin";
			sourceTree = "<group>";
		};
		324C9CDD2C355D4A00712E84 /* Preview Content */ = {
			isa = PBXGroup;
			children = (
				324C9CDE2C355D4A00712E84 /* Preview Assets.xcassets */,
			);
			path = "Preview Content";
			sourceTree = "<group>";
		};
		324C9CEB2C35CB6D00712E84 /* Views */ = {
			isa = PBXGroup;
			children = (
				48CFFEB62C42FB95002E41C8 /* LabTech */,
				3265EFC32C4044E8005E9603 /* PDF */,
				3213A8792C3C80A600509BCB /* Auth */,
				32E379022C3709970076F2C4 /* Doctor */,
				32E378F12C367B4A0076F2C4 /* Admin */,
			);
			path = Views;
			sourceTree = "<group>";
		};
		324C9CEE2C35D7A600712E84 /* Modules */ = {
			isa = PBXGroup;
			children = (
				324C9CEF2C35D7B200712E84 /* Supabase.swift */,
				3265EFB52C3FA6AD005E9603 /* PDFCreator.swift */,
			);
			path = Modules;
			sourceTree = "<group>";
		};
		324C9CF62C35D7E200712E84 /* Frameworks */ = {
			isa = PBXGroup;
			children = (
			);
			name = Frameworks;
			sourceTree = "<group>";
		};
		324C9CFD2C35D9A100712E84 /* Models */ = {
			isa = PBXGroup;
			children = (
				324C9CFB2C35D85800712E84 /* SupaUser.swift */,
				324C9CFE2C35D9B600712E84 /* Roles.swift */,
				D54FB27E2C3672270011304E /* Patient.swift */,
				32E378EB2C365A790076F2C4 /* Doctor.swift */,
				32E378ED2C365AA90076F2C4 /* Gender.swift */,
				32E378EF2C365BE20076F2C4 /* Department.swift */,
				32E3790F2C3725210076F2C4 /* DoctorSettings.swift */,
				4850DB5F2C36BB50001D10A1 /* Appointment.swift */,
				3284098C2C380C0600473841 /* BloodGroup.swift */,
				3213A86F2C3BE17800509BCB /* User.swift */,
				3265EFC62C40534D005E9603 /* MedicalRecord.swift */,
				3265EFC82C4055F3005E9603 /* LabTest.swift */,
				328FECB72C43180900EFA273 /* Staff.swift */,
				3251126C2C45BFBC007D89F1 /* Invoice.swift */,
				3251126E2C45BFD7007D89F1 /* BedBooking.swift */,
			);
			path = Models;
			sourceTree = "<group>";
		};
		324C9D002C35E11200712E84 /* Extensions */ = {
			isa = PBXGroup;
			children = (
				32E379092C37195C0076F2C4 /* DateFormatter.swift */,
				3213A86D2C3BAC9700509BCB /* ViewModifiers.swift */,
				3213A8712C3BE58100509BCB /* Date.swift */,
				3213A8752C3BFC5B00509BCB /* String.swift */,
				325042312C3DB13F00452C0C /* TextField.swift */,
				325042352C3DC60100452C0C /* Int.swift */,
				D5BF32A02C3E50FB00717C28 /* Color.swift */,
				3265EFBD2C3FBB65005E9603 /* Double.swift */,
				328FECB52C43098D00EFA273 /* Image.swift */,
				325112662C45807D007D89F1 /* FileManager.swift */,
			);
			path = Extensions;
			sourceTree = "<group>";
		};
		324C9D032C35E22B00712E84 /* Components */ = {
			isa = PBXGroup;
			children = (
				32E3790D2C3721F30076F2C4 /* DoctorDetailsColumn.swift */,
				324C9D042C35E24500712E84 /* LoaderButton.swift */,
				32E3790B2C371A380076F2C4 /* TimePicker.swift */,
				3250422F2C3D0DE500452C0C /* PatienDetailsColumn.swift */,
				325042372C3DD12800452C0C /* SearchBar.swift */,
				3265EFB72C3FB3A0005E9603 /* DrawingCanvasView.swift */,
				3265EFB92C3FB42D005E9603 /* DocumentPickerView.swift */,
				325112622C45760A007D89F1 /* PDFKitRepresentedView.swift */,
				325112642C457756007D89F1 /* DocumentScannerView.swift */,
				3251126A2C4583E5007D89F1 /* CenterSpinner.swift */,
			);
			path = Components;
			sourceTree = "<group>";
		};
		3265EFC32C4044E8005E9603 /* PDF */ = {
			isa = PBXGroup;
			children = (
				3265EFC42C4044F5005E9603 /* PrescriptionPDFView.swift */,
			);
			path = PDF;
			sourceTree = "<group>";
		};
		328FECBB2C43268C00EFA273 /* Staff */ = {
			isa = PBXGroup;
			children = (
				82B90B0E2C41453D000FCB94 /* AdminStaffView.swift */,
				480D32042C40E9480028BC62 /* AdminStaffInfoView.swift */,
				323D7A7A2C41719E00C6AB95 /* AdminStaffAddView.swift */,
			);
			path = Staff;
			sourceTree = "<group>";
		};
		32E378F12C367B4A0076F2C4 /* Admin */ = {
			isa = PBXGroup;
			children = (
				328FECBB2C43268C00EFA273 /* Staff */,
				32E378F22C367CEF0076F2C4 /* AdminDashboardView.swift */,
				4850DB5D2C369E56001D10A1 /* AdminAppointmentsTable.swift */,
				32E378F92C36820B0076F2C4 /* AdminDepartmentView.swift */,
				8201C8622C36B1040034B93F /* AdminDoctorAddView.swift */,
				82CBE7882C366F250033B971 /* AdminDoctorListView.swift */,
				32E378F42C367CF70076F2C4 /* AdminSidebarView.swift */,
				4850DB672C39876C001D10A1 /* AdminPatientView.swift */,
				4850DB692C398BD0001D10A1 /* AdminOutPatientView.swift */,
				4850DB6B2C399090001D10A1 /* AdminInPatientView.swift */,
				4850DB6D2C39D3B2001D10A1 /* AdminPatientDetailsView.swift */,
				3265EFBF2C4006F8005E9603 /* AdminDoctorInfoView.swift */,
			);
			path = Admin;
			sourceTree = "<group>";
		};
		32E378F62C3680290076F2C4 /* ViewModels */ = {
			isa = PBXGroup;
			children = (
				32E378F72C3680450076F2C4 /* AdminDepartmentViewModel.swift */,
				32E378FE2C36CA690076F2C4 /* AdminDoctorViewModel.swift */,
				32E379002C36FB5E0076F2C4 /* AuthViewModel.swift */,
				32E379052C370ADE0076F2C4 /* DoctorViewModel.swift */,
				3265EFC12C4031E7005E9603 /* PatientViewModel.swift */,
				3265EFCA2C40DC03005E9603 /* NavigationManager.swift */,
				328FECB92C431FC600EFA273 /* AdminStaffViewModel.swift */,
				328752512C44EDF2005E5B8F /* LabTechViewModel.swift */,
			);
			path = ViewModels;
			sourceTree = "<group>";
		};
		32E379022C3709970076F2C4 /* Doctor */ = {
			isa = PBXGroup;
			children = (
				32E379032C370A2F0076F2C4 /* DoctorDashboardView.swift */,
				32E379072C3715A80076F2C4 /* DoctorSettingView.swift */,
				B0839B8A2C39B13A00930FC9 /* DoctorPatientInfoView.swift */,
				325042332C3DB85B00452C0C /* DoctorAppointmentsTable.swift */,
				325042392C3DD75900452C0C /* DoctorAppointmentsView.swift */,
				3265EFBB2C3FB6D7005E9603 /* DoctorAddPatientMedicalRecordView.swift */,
			);
			path = Doctor;
			sourceTree = "<group>";
		};
		480D32062C4168F40028BC62 /* Recovered References */ = {
			isa = PBXGroup;
			children = (
				32E379132C373F980076F2C4 /* AdminStaffAddView.swift */,
			);
			name = "Recovered References";
			sourceTree = "<group>";
		};
		48CFFEB62C42FB95002E41C8 /* LabTech */ = {
			isa = PBXGroup;
			children = (
				48CFFEB72C42FBB8002E41C8 /* LabTechnicianView.swift */,
				325112602C45325F007D89F1 /* LabTestView.swift */,
				325112682C45833D007D89F1 /* LabTestPDFView.swift */,
			);
			path = LabTech;
			sourceTree = "<group>";
		};
/* End PBXGroup section */

/* Begin PBXNativeTarget section */
		324C9CD32C355D4800712E84 /* iHospital Admin */ = {
			isa = PBXNativeTarget;
			buildConfigurationList = 324C9CE22C355D4A00712E84 /* Build configuration list for PBXNativeTarget "iHospital Admin" */;
			buildPhases = (
				324C9CD02C355D4800712E84 /* Sources */,
				324C9CD12C355D4800712E84 /* Frameworks */,
				324C9CD22C355D4800712E84 /* Resources */,
			);
			buildRules = (
			);
			dependencies = (
			);
			name = "iHospital Admin";
			packageProductDependencies = (
				324C9CF22C35D7D900712E84 /* Auth */,
				324C9CF42C35D7D900712E84 /* Storage */,
				324C9CF72C35D7E200712E84 /* Supabase */,
			);
			productName = "iHospital Admin";
			productReference = 324C9CD42C355D4800712E84 /* iHospital Admin.app */;
			productType = "com.apple.product-type.application";
		};
/* End PBXNativeTarget section */

/* Begin PBXProject section */
		324C9CCC2C355D4800712E84 /* Project object */ = {
			isa = PBXProject;
			attributes = {
				BuildIndependentTargetsInParallel = 1;
				LastSwiftUpdateCheck = 1540;
				LastUpgradeCheck = 1540;
				TargetAttributes = {
					324C9CD32C355D4800712E84 = {
						CreatedOnToolsVersion = 15.4;
					};
				};
			};
			buildConfigurationList = 324C9CCF2C355D4800712E84 /* Build configuration list for PBXProject "iHospital Admin" */;
			compatibilityVersion = "Xcode 14.0";
			developmentRegion = en;
			hasScannedForEncodings = 0;
			knownRegions = (
				en,
				Base,
			);
			mainGroup = 324C9CCB2C355D4800712E84;
			packageReferences = (
				324C9CF12C35D7D900712E84 /* XCRemoteSwiftPackageReference "supabase-swift" */,
				328FECB02C42FA8600EFA273 /* XCRemoteSwiftPackageReference "swiftui-cached-async-image" */,
			);
			productRefGroup = 324C9CD52C355D4800712E84 /* Products */;
			projectDirPath = "";
			projectRoot = "";
			targets = (
				324C9CD32C355D4800712E84 /* iHospital Admin */,
			);
		};
/* End PBXProject section */

/* Begin PBXResourcesBuildPhase section */
		324C9CD22C355D4800712E84 /* Resources */ = {
			isa = PBXResourcesBuildPhase;
			buildActionMask = 2147483647;
			files = (
				324C9CDF2C355D4A00712E84 /* Preview Assets.xcassets in Resources */,
				324C9CDC2C355D4A00712E84 /* Assets.xcassets in Resources */,
			);
			runOnlyForDeploymentPostprocessing = 0;
		};
/* End PBXResourcesBuildPhase section */

/* Begin PBXSourcesBuildPhase section */
		324C9CD02C355D4800712E84 /* Sources */ = {
			isa = PBXSourcesBuildPhase;
			buildActionMask = 2147483647;
			files = (
				32E378EE2C365AA90076F2C4 /* Gender.swift in Sources */,
				325042302C3D0DE500452C0C /* PatienDetailsColumn.swift in Sources */,
				3213A87B2C3C826200509BCB /* ChangePasswordView.swift in Sources */,
				32E378EC2C365A790076F2C4 /* Doctor.swift in Sources */,
				3213A8762C3BFC5B00509BCB /* String.swift in Sources */,
				32E378FA2C36820B0076F2C4 /* AdminDepartmentView.swift in Sources */,
				3265EFC52C4044F5005E9603 /* PrescriptionPDFView.swift in Sources */,
				324C9CF02C35D7B200712E84 /* Supabase.swift in Sources */,
				4850DB6C2C399090001D10A1 /* AdminInPatientView.swift in Sources */,
				328FECB62C43098D00EFA273 /* Image.swift in Sources */,
				B0839B8B2C39B13A00930FC9 /* DoctorPatientInfoView.swift in Sources */,
				32E379042C370A2F0076F2C4 /* DoctorDashboardView.swift in Sources */,
				32E379062C370ADE0076F2C4 /* DoctorViewModel.swift in Sources */,
				324C9CED2C35CDF400712E84 /* LoginView.swift in Sources */,
				3265EFBA2C3FB42D005E9603 /* DocumentPickerView.swift in Sources */,
				3251126F2C45BFD7007D89F1 /* BedBooking.swift in Sources */,
				325112672C45807D007D89F1 /* FileManager.swift in Sources */,
				480D32052C40E9480028BC62 /* AdminStaffInfoView.swift in Sources */,
				3284098D2C380C0600473841 /* BloodGroup.swift in Sources */,
				3213A8722C3BE58100509BCB /* Date.swift in Sources */,
				3265EFC22C4031E7005E9603 /* PatientViewModel.swift in Sources */,
				48CFFEB82C42FBB8002E41C8 /* LabTechnicianView.swift in Sources */,
				325112632C45760A007D89F1 /* PDFKitRepresentedView.swift in Sources */,
				324C9D052C35E24500712E84 /* LoaderButton.swift in Sources */,
				D54FB27F2C3672270011304E /* Patient.swift in Sources */,
				325042342C3DB85B00452C0C /* DoctorAppointmentsTable.swift in Sources */,
				4850DB5E2C369E56001D10A1 /* AdminAppointmentsTable.swift in Sources */,
				3265EFBC2C3FB6D7005E9603 /* DoctorAddPatientMedicalRecordView.swift in Sources */,
				4850DB5E2C369E56001D10A1 /* AdminAppointmentsTable.swift in Sources */,
				32E3790C2C371A380076F2C4 /* TimePicker.swift in Sources */,
				324C9CD82C355D4800712E84 /* iHospital_AdminApp.swift in Sources */,
				3251126B2C4583E5007D89F1 /* CenterSpinner.swift in Sources */,
				328752522C44EDF2005E5B8F /* LabTechViewModel.swift in Sources */,
				32E378FF2C36CA690076F2C4 /* AdminDoctorViewModel.swift in Sources */,
				D5BF32A12C3E50FB00717C28 /* Color.swift in Sources */,
				3213A86E2C3BAC9700509BCB /* ViewModifiers.swift in Sources */,
				3265EFCB2C40DC03005E9603 /* NavigationManager.swift in Sources */,
				325042322C3DB13F00452C0C /* TextField.swift in Sources */,
				3213A8702C3BE17800509BCB /* User.swift in Sources */,
				32E378F32C367CEF0076F2C4 /* AdminDashboardView.swift in Sources */,
				3265EFC02C4006F8005E9603 /* AdminDoctorInfoView.swift in Sources */,
				82CBE7892C366F250033B971 /* AdminDoctorListView.swift in Sources */,
				8261F9092C3EF14A00A15B40 /* AdminBedView.swift in Sources */,
				325042382C3DD12800452C0C /* SearchBar.swift in Sources */,
				82B90B102C41453D000FCB94 /* AdminStaffView.swift in Sources */,
				3265EFBE2C3FBB65005E9603 /* Double.swift in Sources */,
				4850DB6E2C39D3B2001D10A1 /* AdminPatientDetailsView.swift in Sources */,
				32E379102C3725210076F2C4 /* DoctorSettings.swift in Sources */,
				325112612C45325F007D89F1 /* LabTestView.swift in Sources */,
				32E3790A2C37195C0076F2C4 /* DateFormatter.swift in Sources */,
				328FECBA2C431FC600EFA273 /* AdminStaffViewModel.swift in Sources */,
				32E3790E2C3721F30076F2C4 /* DoctorDetailsColumn.swift in Sources */,
				823FCFAA2C3A4CA500FB69F0 /* ForgotPasswordView.swift in Sources */,
				3251126D2C45BFBC007D89F1 /* Invoice.swift in Sources */,
				3265EFB82C3FB3A0005E9603 /* DrawingCanvasView.swift in Sources */,
				3265EFB62C3FA6AD005E9603 /* PDFCreator.swift in Sources */,
				4850DB682C39876C001D10A1 /* AdminPatientView.swift in Sources */,
				325112652C457756007D89F1 /* DocumentScannerView.swift in Sources */,
				32E378F02C365BE20076F2C4 /* Department.swift in Sources */,
				324C9CFA2C35D7F400712E84 /* Constants.swift in Sources */,
				328FECB82C43180900EFA273 /* Staff.swift in Sources */,
				32E378F82C3680450076F2C4 /* AdminDepartmentViewModel.swift in Sources */,
				325112692C45833D007D89F1 /* LabTestPDFView.swift in Sources */,
				323D7A7B2C41719E00C6AB95 /* AdminStaffAddView.swift in Sources */,
				324C9CFC2C35D85800712E84 /* SupaUser.swift in Sources */,
				4850DB6A2C398BD0001D10A1 /* AdminOutPatientView.swift in Sources */,
				32E379012C36FB5E0076F2C4 /* AuthViewModel.swift in Sources */,
				324C9CFF2C35D9B600712E84 /* Roles.swift in Sources */,
				325042362C3DC60100452C0C /* Int.swift in Sources */,
				32E378F52C367CF70076F2C4 /* AdminSidebarView.swift in Sources */,
				32E379082C3715A80076F2C4 /* DoctorSettingView.swift in Sources */,
				3265EFC92C4055F3005E9603 /* LabTest.swift in Sources */,
				8201C8632C36B1040034B93F /* AdminDoctorAddView.swift in Sources */,
				3265EFC72C40534D005E9603 /* MedicalRecord.swift in Sources */,
				4850DB602C36BB50001D10A1 /* Appointment.swift in Sources */,
				3250423A2C3DD75900452C0C /* DoctorAppointmentsView.swift in Sources */,
			);
			runOnlyForDeploymentPostprocessing = 0;
		};
/* End PBXSourcesBuildPhase section */

/* Begin XCBuildConfiguration section */
		324C9CE02C355D4A00712E84 /* Debug */ = {
			isa = XCBuildConfiguration;
			buildSettings = {
				ALWAYS_SEARCH_USER_PATHS = NO;
				ASSETCATALOG_COMPILER_GENERATE_SWIFT_ASSET_SYMBOL_EXTENSIONS = YES;
				CLANG_ANALYZER_NONNULL = YES;
				CLANG_ANALYZER_NUMBER_OBJECT_CONVERSION = YES_AGGRESSIVE;
				CLANG_CXX_LANGUAGE_STANDARD = "gnu++20";
				CLANG_ENABLE_MODULES = YES;
				CLANG_ENABLE_OBJC_ARC = YES;
				CLANG_ENABLE_OBJC_WEAK = YES;
				CLANG_WARN_BLOCK_CAPTURE_AUTORELEASING = YES;
				CLANG_WARN_BOOL_CONVERSION = YES;
				CLANG_WARN_COMMA = YES;
				CLANG_WARN_CONSTANT_CONVERSION = YES;
				CLANG_WARN_DEPRECATED_OBJC_IMPLEMENTATIONS = YES;
				CLANG_WARN_DIRECT_OBJC_ISA_USAGE = YES_ERROR;
				CLANG_WARN_DOCUMENTATION_COMMENTS = YES;
				CLANG_WARN_EMPTY_BODY = YES;
				CLANG_WARN_ENUM_CONVERSION = YES;
				CLANG_WARN_INFINITE_RECURSION = YES;
				CLANG_WARN_INT_CONVERSION = YES;
				CLANG_WARN_NON_LITERAL_NULL_CONVERSION = YES;
				CLANG_WARN_OBJC_IMPLICIT_RETAIN_SELF = YES;
				CLANG_WARN_OBJC_LITERAL_CONVERSION = YES;
				CLANG_WARN_OBJC_ROOT_CLASS = YES_ERROR;
				CLANG_WARN_QUOTED_INCLUDE_IN_FRAMEWORK_HEADER = YES;
				CLANG_WARN_RANGE_LOOP_ANALYSIS = YES;
				CLANG_WARN_STRICT_PROTOTYPES = YES;
				CLANG_WARN_SUSPICIOUS_MOVE = YES;
				CLANG_WARN_UNGUARDED_AVAILABILITY = YES_AGGRESSIVE;
				CLANG_WARN_UNREACHABLE_CODE = YES;
				CLANG_WARN__DUPLICATE_METHOD_MATCH = YES;
				COPY_PHASE_STRIP = NO;
				DEBUG_INFORMATION_FORMAT = dwarf;
				ENABLE_STRICT_OBJC_MSGSEND = YES;
				ENABLE_TESTABILITY = YES;
				ENABLE_USER_SCRIPT_SANDBOXING = YES;
				GCC_C_LANGUAGE_STANDARD = gnu17;
				GCC_DYNAMIC_NO_PIC = NO;
				GCC_NO_COMMON_BLOCKS = YES;
				GCC_OPTIMIZATION_LEVEL = 0;
				GCC_PREPROCESSOR_DEFINITIONS = (
					"DEBUG=1",
					"$(inherited)",
				);
				GCC_WARN_64_TO_32_BIT_CONVERSION = YES;
				GCC_WARN_ABOUT_RETURN_TYPE = YES_ERROR;
				GCC_WARN_UNDECLARED_SELECTOR = YES;
				GCC_WARN_UNINITIALIZED_AUTOS = YES_AGGRESSIVE;
				GCC_WARN_UNUSED_FUNCTION = YES;
				GCC_WARN_UNUSED_VARIABLE = YES;
				IPHONEOS_DEPLOYMENT_TARGET = 17.5;
				LOCALIZATION_PREFERS_STRING_CATALOGS = YES;
				MTL_ENABLE_DEBUG_INFO = INCLUDE_SOURCE;
				MTL_FAST_MATH = YES;
				ONLY_ACTIVE_ARCH = YES;
				SDKROOT = iphoneos;
				SWIFT_ACTIVE_COMPILATION_CONDITIONS = "DEBUG $(inherited)";
				SWIFT_OPTIMIZATION_LEVEL = "-Onone";
			};
			name = Debug;
		};
		324C9CE12C355D4A00712E84 /* Release */ = {
			isa = XCBuildConfiguration;
			buildSettings = {
				ALWAYS_SEARCH_USER_PATHS = NO;
				ASSETCATALOG_COMPILER_GENERATE_SWIFT_ASSET_SYMBOL_EXTENSIONS = YES;
				CLANG_ANALYZER_NONNULL = YES;
				CLANG_ANALYZER_NUMBER_OBJECT_CONVERSION = YES_AGGRESSIVE;
				CLANG_CXX_LANGUAGE_STANDARD = "gnu++20";
				CLANG_ENABLE_MODULES = YES;
				CLANG_ENABLE_OBJC_ARC = YES;
				CLANG_ENABLE_OBJC_WEAK = YES;
				CLANG_WARN_BLOCK_CAPTURE_AUTORELEASING = YES;
				CLANG_WARN_BOOL_CONVERSION = YES;
				CLANG_WARN_COMMA = YES;
				CLANG_WARN_CONSTANT_CONVERSION = YES;
				CLANG_WARN_DEPRECATED_OBJC_IMPLEMENTATIONS = YES;
				CLANG_WARN_DIRECT_OBJC_ISA_USAGE = YES_ERROR;
				CLANG_WARN_DOCUMENTATION_COMMENTS = YES;
				CLANG_WARN_EMPTY_BODY = YES;
				CLANG_WARN_ENUM_CONVERSION = YES;
				CLANG_WARN_INFINITE_RECURSION = YES;
				CLANG_WARN_INT_CONVERSION = YES;
				CLANG_WARN_NON_LITERAL_NULL_CONVERSION = YES;
				CLANG_WARN_OBJC_IMPLICIT_RETAIN_SELF = YES;
				CLANG_WARN_OBJC_LITERAL_CONVERSION = YES;
				CLANG_WARN_OBJC_ROOT_CLASS = YES_ERROR;
				CLANG_WARN_QUOTED_INCLUDE_IN_FRAMEWORK_HEADER = YES;
				CLANG_WARN_RANGE_LOOP_ANALYSIS = YES;
				CLANG_WARN_STRICT_PROTOTYPES = YES;
				CLANG_WARN_SUSPICIOUS_MOVE = YES;
				CLANG_WARN_UNGUARDED_AVAILABILITY = YES_AGGRESSIVE;
				CLANG_WARN_UNREACHABLE_CODE = YES;
				CLANG_WARN__DUPLICATE_METHOD_MATCH = YES;
				COPY_PHASE_STRIP = NO;
				DEBUG_INFORMATION_FORMAT = "dwarf-with-dsym";
				ENABLE_NS_ASSERTIONS = NO;
				ENABLE_STRICT_OBJC_MSGSEND = YES;
				ENABLE_USER_SCRIPT_SANDBOXING = YES;
				GCC_C_LANGUAGE_STANDARD = gnu17;
				GCC_NO_COMMON_BLOCKS = YES;
				GCC_WARN_64_TO_32_BIT_CONVERSION = YES;
				GCC_WARN_ABOUT_RETURN_TYPE = YES_ERROR;
				GCC_WARN_UNDECLARED_SELECTOR = YES;
				GCC_WARN_UNINITIALIZED_AUTOS = YES_AGGRESSIVE;
				GCC_WARN_UNUSED_FUNCTION = YES;
				GCC_WARN_UNUSED_VARIABLE = YES;
				IPHONEOS_DEPLOYMENT_TARGET = 17.5;
				LOCALIZATION_PREFERS_STRING_CATALOGS = YES;
				MTL_ENABLE_DEBUG_INFO = NO;
				MTL_FAST_MATH = YES;
				SDKROOT = iphoneos;
				SWIFT_COMPILATION_MODE = wholemodule;
				VALIDATE_PRODUCT = YES;
			};
			name = Release;
		};
		324C9CE32C355D4A00712E84 /* Debug */ = {
			isa = XCBuildConfiguration;
			buildSettings = {
				ASSETCATALOG_COMPILER_APPICON_NAME = AppIcon;
				ASSETCATALOG_COMPILER_GLOBAL_ACCENT_COLOR_NAME = AccentColor;
				CODE_SIGN_STYLE = Automatic;
				CURRENT_PROJECT_VERSION = 1;
				DEVELOPMENT_ASSET_PATHS = "\"iHospital Admin/Preview Content\"";
				DEVELOPMENT_TEAM = JZN7WN2NCM;
				ENABLE_PREVIEWS = YES;
				GENERATE_INFOPLIST_FILE = YES;
				INFOPLIST_FILE = "iHospital-Admin-Info.plist";
				INFOPLIST_KEY_UIApplicationSceneManifest_Generation = YES;
				INFOPLIST_KEY_UIApplicationSupportsIndirectInputEvents = YES;
				INFOPLIST_KEY_UILaunchScreen_Generation = YES;
				INFOPLIST_KEY_UISupportedInterfaceOrientations_iPad = "UIInterfaceOrientationPortrait UIInterfaceOrientationPortraitUpsideDown UIInterfaceOrientationLandscapeLeft UIInterfaceOrientationLandscapeRight";
				INFOPLIST_KEY_UISupportedInterfaceOrientations_iPhone = "UIInterfaceOrientationPortrait UIInterfaceOrientationLandscapeLeft UIInterfaceOrientationLandscapeRight";
				IPHONEOS_DEPLOYMENT_TARGET = 16.0;
				LD_RUNPATH_SEARCH_PATHS = (
					"$(inherited)",
					"@executable_path/Frameworks",
				);
				MARKETING_VERSION = 1.0;
				PRODUCT_BUNDLE_IDENTIFIER = "com.viperadnan.iHospital-Admin";
				PRODUCT_NAME = "$(TARGET_NAME)";
				SWIFT_EMIT_LOC_STRINGS = YES;
				SWIFT_VERSION = 5.0;
				TARGETED_DEVICE_FAMILY = "1,2";
			};
			name = Debug;
		};
		324C9CE42C355D4A00712E84 /* Release */ = {
			isa = XCBuildConfiguration;
			buildSettings = {
				ASSETCATALOG_COMPILER_APPICON_NAME = AppIcon;
				ASSETCATALOG_COMPILER_GLOBAL_ACCENT_COLOR_NAME = AccentColor;
				CODE_SIGN_STYLE = Automatic;
				CURRENT_PROJECT_VERSION = 1;
				DEVELOPMENT_ASSET_PATHS = "\"iHospital Admin/Preview Content\"";
				DEVELOPMENT_TEAM = JZN7WN2NCM;
				ENABLE_PREVIEWS = YES;
				GENERATE_INFOPLIST_FILE = YES;
				INFOPLIST_FILE = "iHospital-Admin-Info.plist";
				INFOPLIST_KEY_UIApplicationSceneManifest_Generation = YES;
				INFOPLIST_KEY_UIApplicationSupportsIndirectInputEvents = YES;
				INFOPLIST_KEY_UILaunchScreen_Generation = YES;
				INFOPLIST_KEY_UISupportedInterfaceOrientations_iPad = "UIInterfaceOrientationPortrait UIInterfaceOrientationPortraitUpsideDown UIInterfaceOrientationLandscapeLeft UIInterfaceOrientationLandscapeRight";
				INFOPLIST_KEY_UISupportedInterfaceOrientations_iPhone = "UIInterfaceOrientationPortrait UIInterfaceOrientationLandscapeLeft UIInterfaceOrientationLandscapeRight";
				IPHONEOS_DEPLOYMENT_TARGET = 16.0;
				LD_RUNPATH_SEARCH_PATHS = (
					"$(inherited)",
					"@executable_path/Frameworks",
				);
				MARKETING_VERSION = 1.0;
				PRODUCT_BUNDLE_IDENTIFIER = "com.viperadnan.iHospital-Admin";
				PRODUCT_NAME = "$(TARGET_NAME)";
				SWIFT_EMIT_LOC_STRINGS = YES;
				SWIFT_VERSION = 5.0;
				TARGETED_DEVICE_FAMILY = "1,2";
			};
			name = Release;
		};
/* End XCBuildConfiguration section */

/* Begin XCConfigurationList section */
		324C9CCF2C355D4800712E84 /* Build configuration list for PBXProject "iHospital Admin" */ = {
			isa = XCConfigurationList;
			buildConfigurations = (
				324C9CE02C355D4A00712E84 /* Debug */,
				324C9CE12C355D4A00712E84 /* Release */,
			);
			defaultConfigurationIsVisible = 0;
			defaultConfigurationName = Release;
		};
		324C9CE22C355D4A00712E84 /* Build configuration list for PBXNativeTarget "iHospital Admin" */ = {
			isa = XCConfigurationList;
			buildConfigurations = (
				324C9CE32C355D4A00712E84 /* Debug */,
				324C9CE42C355D4A00712E84 /* Release */,
			);
			defaultConfigurationIsVisible = 0;
			defaultConfigurationName = Release;
		};
/* End XCConfigurationList section */

/* Begin XCRemoteSwiftPackageReference section */
		324C9CF12C35D7D900712E84 /* XCRemoteSwiftPackageReference "supabase-swift" */ = {
			isa = XCRemoteSwiftPackageReference;
			repositoryURL = "https://github.com/supabase/supabase-swift";
			requirement = {
				kind = upToNextMajorVersion;
				minimumVersion = 2.5.1;
			};
		};
		328FECB02C42FA8600EFA273 /* XCRemoteSwiftPackageReference "swiftui-cached-async-image" */ = {
			isa = XCRemoteSwiftPackageReference;
			repositoryURL = "https://github.com/lorenzofiamingo/swiftui-cached-async-image";
			requirement = {
				kind = upToNextMajorVersion;
				minimumVersion = 2.1.1;
			};
		};
/* End XCRemoteSwiftPackageReference section */

/* Begin XCSwiftPackageProductDependency section */
		324C9CF22C35D7D900712E84 /* Auth */ = {
			isa = XCSwiftPackageProductDependency;
			package = 324C9CF12C35D7D900712E84 /* XCRemoteSwiftPackageReference "supabase-swift" */;
			productName = Auth;
		};
		324C9CF42C35D7D900712E84 /* Storage */ = {
			isa = XCSwiftPackageProductDependency;
			package = 324C9CF12C35D7D900712E84 /* XCRemoteSwiftPackageReference "supabase-swift" */;
			productName = Storage;
		};
		324C9CF72C35D7E200712E84 /* Supabase */ = {
			isa = XCSwiftPackageProductDependency;
			package = 324C9CF12C35D7D900712E84 /* XCRemoteSwiftPackageReference "supabase-swift" */;
			productName = Supabase;
		};
/* End XCSwiftPackageProductDependency section */
	};
	rootObject = 324C9CCC2C355D4800712E84 /* Project object */;
}
