// !$*UTF8*$!
{
	archiveVersion = 1;
	classes = {
	};
	objectVersion = 56;
	objects = {

/* Begin PBXBuildFile section */
		324C9CD82C355D4800712E84 /* iHospital_AdminApp.swift in Sources */ = {isa = PBXBuildFile; fileRef = 324C9CD72C355D4800712E84 /* iHospital_AdminApp.swift */; };
		324C9CDC2C355D4A00712E84 /* Assets.xcassets in Resources */ = {isa = PBXBuildFile; fileRef = 324C9CDB2C355D4A00712E84 /* Assets.xcassets */; };
		324C9CDF2C355D4A00712E84 /* Preview Assets.xcassets in Resources */ = {isa = PBXBuildFile; fileRef = 324C9CDE2C355D4A00712E84 /* Preview Assets.xcassets */; };
		324C9CED2C35CDF400712E84 /* LoginView.swift in Sources */ = {isa = PBXBuildFile; fileRef = 324C9CEC2C35CDF400712E84 /* LoginView.swift */; };
		324C9CF02C35D7B200712E84 /* Supabase.swift in Sources */ = {isa = PBXBuildFile; fileRef = 324C9CEF2C35D7B200712E84 /* Supabase.swift */; };
		324C9CF32C35D7D900712E84 /* Auth in Frameworks */ = {isa = PBXBuildFile; productRef = 324C9CF22C35D7D900712E84 /* Auth */; };
		324C9CF52C35D7D900712E84 /* Storage in Frameworks */ = {isa = PBXBuildFile; productRef = 324C9CF42C35D7D900712E84 /* Storage */; };
		324C9CF82C35D7E200712E84 /* Supabase in Frameworks */ = {isa = PBXBuildFile; productRef = 324C9CF72C35D7E200712E84 /* Supabase */; };
		324C9CFA2C35D7F400712E84 /* Constants.swift in Sources */ = {isa = PBXBuildFile; fileRef = 324C9CF92C35D7F400712E84 /* Constants.swift */; };
		324C9CFC2C35D85800712E84 /* SupaUser.swift in Sources */ = {isa = PBXBuildFile; fileRef = 324C9CFB2C35D85800712E84 /* SupaUser.swift */; };
		324C9CFF2C35D9B600712E84 /* Roles.swift in Sources */ = {isa = PBXBuildFile; fileRef = 324C9CFE2C35D9B600712E84 /* Roles.swift */; };
		324C9D022C35E11E00712E84 /* View.swift in Sources */ = {isa = PBXBuildFile; fileRef = 324C9D012C35E11E00712E84 /* View.swift */; };
		324C9D052C35E24500712E84 /* LoaderButton.swift in Sources */ = {isa = PBXBuildFile; fileRef = 324C9D042C35E24500712E84 /* LoaderButton.swift */; };
		3284098D2C380C0600473841 /* BloodGroup.swift in Sources */ = {isa = PBXBuildFile; fileRef = 3284098C2C380C0600473841 /* BloodGroup.swift */; };
		32E378EC2C365A790076F2C4 /* Doctor.swift in Sources */ = {isa = PBXBuildFile; fileRef = 32E378EB2C365A790076F2C4 /* Doctor.swift */; };
		32E378EE2C365AA90076F2C4 /* Gender.swift in Sources */ = {isa = PBXBuildFile; fileRef = 32E378ED2C365AA90076F2C4 /* Gender.swift */; };
		32E378F02C365BE20076F2C4 /* Department.swift in Sources */ = {isa = PBXBuildFile; fileRef = 32E378EF2C365BE20076F2C4 /* Department.swift */; };
		32E378F32C367CEF0076F2C4 /* AdminDashboardView.swift in Sources */ = {isa = PBXBuildFile; fileRef = 32E378F22C367CEF0076F2C4 /* AdminDashboardView.swift */; };
		32E378F52C367CF70076F2C4 /* AdminSidebarView.swift in Sources */ = {isa = PBXBuildFile; fileRef = 32E378F42C367CF70076F2C4 /* AdminSidebarView.swift */; };
		32E378F82C3680450076F2C4 /* AdminDepartmentViewModel.swift in Sources */ = {isa = PBXBuildFile; fileRef = 32E378F72C3680450076F2C4 /* AdminDepartmentViewModel.swift */; };
		32E378FA2C36820B0076F2C4 /* AdminDepartmentView.swift in Sources */ = {isa = PBXBuildFile; fileRef = 32E378F92C36820B0076F2C4 /* AdminDepartmentView.swift */; };
		32E378FF2C36CA690076F2C4 /* AdminDoctorViewModel.swift in Sources */ = {isa = PBXBuildFile; fileRef = 32E378FE2C36CA690076F2C4 /* AdminDoctorViewModel.swift */; };
		32E379012C36FB5E0076F2C4 /* AuthViewModel.swift in Sources */ = {isa = PBXBuildFile; fileRef = 32E379002C36FB5E0076F2C4 /* AuthViewModel.swift */; };
		32E379042C370A2F0076F2C4 /* DoctorDashboardView.swift in Sources */ = {isa = PBXBuildFile; fileRef = 32E379032C370A2F0076F2C4 /* DoctorDashboardView.swift */; };
		32E379062C370ADE0076F2C4 /* DoctorDetailViewModel.swift in Sources */ = {isa = PBXBuildFile; fileRef = 32E379052C370ADE0076F2C4 /* DoctorDetailViewModel.swift */; };
		32E379082C3715A80076F2C4 /* DoctorSettingView.swift in Sources */ = {isa = PBXBuildFile; fileRef = 32E379072C3715A80076F2C4 /* DoctorSettingView.swift */; };
		32E3790A2C37195C0076F2C4 /* DateFormatter.swift in Sources */ = {isa = PBXBuildFile; fileRef = 32E379092C37195C0076F2C4 /* DateFormatter.swift */; };
		32E3790C2C371A380076F2C4 /* TimePicker.swift in Sources */ = {isa = PBXBuildFile; fileRef = 32E3790B2C371A380076F2C4 /* TimePicker.swift */; };
		32E3790E2C3721F30076F2C4 /* DoctorDetailsColumn.swift in Sources */ = {isa = PBXBuildFile; fileRef = 32E3790D2C3721F30076F2C4 /* DoctorDetailsColumn.swift */; };
		32E379102C3725210076F2C4 /* DoctorSettings.swift in Sources */ = {isa = PBXBuildFile; fileRef = 32E3790F2C3725210076F2C4 /* DoctorSettings.swift */; };
		32E379142C373F980076F2C4 /* AdminStaffAddView.swift in Sources */ = {isa = PBXBuildFile; fileRef = 32E379132C373F980076F2C4 /* AdminStaffAddView.swift */; };
		4850DB5E2C369E56001D10A1 /* AdminAppointmentsList.swift in Sources */ = {isa = PBXBuildFile; fileRef = 4850DB5D2C369E56001D10A1 /* AdminAppointmentsList.swift */; };
		4850DB602C36BB50001D10A1 /* Appointment.swift in Sources */ = {isa = PBXBuildFile; fileRef = 4850DB5F2C36BB50001D10A1 /* Appointment.swift */; };
		8201C8632C36B1040034B93F /* AdminDoctorAddView.swift in Sources */ = {isa = PBXBuildFile; fileRef = 8201C8622C36B1040034B93F /* AdminDoctorAddView.swift */; };
		8201C86D2C3736550034B93F /* AdminStaffView.swift in Sources */ = {isa = PBXBuildFile; fileRef = 8201C86C2C3736540034B93F /* AdminStaffView.swift */; };
		82CBE7892C366F250033B971 /* AdminDoctorListView.swift in Sources */ = {isa = PBXBuildFile; fileRef = 82CBE7882C366F250033B971 /* AdminDoctorListView.swift */; };
		D54FB27F2C3672270011304E /* Patient.swift in Sources */ = {isa = PBXBuildFile; fileRef = D54FB27E2C3672270011304E /* Patient.swift */; };
/* End PBXBuildFile section */

/* Begin PBXFileReference section */
		324C9CD42C355D4800712E84 /* iHospital Admin.app */ = {isa = PBXFileReference; explicitFileType = wrapper.application; includeInIndex = 0; path = "iHospital Admin.app"; sourceTree = BUILT_PRODUCTS_DIR; };
		324C9CD72C355D4800712E84 /* iHospital_AdminApp.swift */ = {isa = PBXFileReference; lastKnownFileType = sourcecode.swift; path = iHospital_AdminApp.swift; sourceTree = "<group>"; };
		324C9CDB2C355D4A00712E84 /* Assets.xcassets */ = {isa = PBXFileReference; lastKnownFileType = folder.assetcatalog; path = Assets.xcassets; sourceTree = "<group>"; };
		324C9CDE2C355D4A00712E84 /* Preview Assets.xcassets */ = {isa = PBXFileReference; lastKnownFileType = folder.assetcatalog; path = "Preview Assets.xcassets"; sourceTree = "<group>"; };
		324C9CEC2C35CDF400712E84 /* LoginView.swift */ = {isa = PBXFileReference; lastKnownFileType = sourcecode.swift; path = LoginView.swift; sourceTree = "<group>"; };
		324C9CEF2C35D7B200712E84 /* Supabase.swift */ = {isa = PBXFileReference; lastKnownFileType = sourcecode.swift; path = Supabase.swift; sourceTree = "<group>"; };
		324C9CF92C35D7F400712E84 /* Constants.swift */ = {isa = PBXFileReference; lastKnownFileType = sourcecode.swift; path = Constants.swift; sourceTree = "<group>"; };
		324C9CFB2C35D85800712E84 /* SupaUser.swift */ = {isa = PBXFileReference; lastKnownFileType = sourcecode.swift; path = SupaUser.swift; sourceTree = "<group>"; };
		324C9CFE2C35D9B600712E84 /* Roles.swift */ = {isa = PBXFileReference; lastKnownFileType = sourcecode.swift; path = Roles.swift; sourceTree = "<group>"; };
		324C9D012C35E11E00712E84 /* View.swift */ = {isa = PBXFileReference; lastKnownFileType = sourcecode.swift; path = View.swift; sourceTree = "<group>"; };
		324C9D042C35E24500712E84 /* LoaderButton.swift */ = {isa = PBXFileReference; lastKnownFileType = sourcecode.swift; path = LoaderButton.swift; sourceTree = "<group>"; };
		3284098C2C380C0600473841 /* BloodGroup.swift */ = {isa = PBXFileReference; lastKnownFileType = sourcecode.swift; path = BloodGroup.swift; sourceTree = "<group>"; };
		32E378EB2C365A790076F2C4 /* Doctor.swift */ = {isa = PBXFileReference; lastKnownFileType = sourcecode.swift; path = Doctor.swift; sourceTree = "<group>"; };
		32E378ED2C365AA90076F2C4 /* Gender.swift */ = {isa = PBXFileReference; lastKnownFileType = sourcecode.swift; path = Gender.swift; sourceTree = "<group>"; };
		32E378EF2C365BE20076F2C4 /* Department.swift */ = {isa = PBXFileReference; lastKnownFileType = sourcecode.swift; path = Department.swift; sourceTree = "<group>"; };
		32E378F22C367CEF0076F2C4 /* AdminDashboardView.swift */ = {isa = PBXFileReference; fileEncoding = 4; lastKnownFileType = sourcecode.swift; path = AdminDashboardView.swift; sourceTree = "<group>"; };
		32E378F42C367CF70076F2C4 /* AdminSidebarView.swift */ = {isa = PBXFileReference; fileEncoding = 4; lastKnownFileType = sourcecode.swift; path = AdminSidebarView.swift; sourceTree = "<group>"; };
		32E378F72C3680450076F2C4 /* AdminDepartmentViewModel.swift */ = {isa = PBXFileReference; lastKnownFileType = sourcecode.swift; path = AdminDepartmentViewModel.swift; sourceTree = "<group>"; };
		32E378F92C36820B0076F2C4 /* AdminDepartmentView.swift */ = {isa = PBXFileReference; lastKnownFileType = sourcecode.swift; path = AdminDepartmentView.swift; sourceTree = "<group>"; };
		32E378FB2C36A9960076F2C4 /* iHospital-Admin-Info.plist */ = {isa = PBXFileReference; lastKnownFileType = text.plist; path = "iHospital-Admin-Info.plist"; sourceTree = SOURCE_ROOT; };
		32E378FE2C36CA690076F2C4 /* AdminDoctorViewModel.swift */ = {isa = PBXFileReference; lastKnownFileType = sourcecode.swift; path = AdminDoctorViewModel.swift; sourceTree = "<group>"; };
		32E379002C36FB5E0076F2C4 /* AuthViewModel.swift */ = {isa = PBXFileReference; lastKnownFileType = sourcecode.swift; path = AuthViewModel.swift; sourceTree = "<group>"; };
		32E379032C370A2F0076F2C4 /* DoctorDashboardView.swift */ = {isa = PBXFileReference; lastKnownFileType = sourcecode.swift; path = DoctorDashboardView.swift; sourceTree = "<group>"; };
		32E379052C370ADE0076F2C4 /* DoctorDetailViewModel.swift */ = {isa = PBXFileReference; lastKnownFileType = sourcecode.swift; path = DoctorDetailViewModel.swift; sourceTree = "<group>"; };
		32E379072C3715A80076F2C4 /* DoctorSettingView.swift */ = {isa = PBXFileReference; lastKnownFileType = sourcecode.swift; path = DoctorSettingView.swift; sourceTree = "<group>"; };
		32E379092C37195C0076F2C4 /* DateFormatter.swift */ = {isa = PBXFileReference; lastKnownFileType = sourcecode.swift; path = DateFormatter.swift; sourceTree = "<group>"; };
		32E3790B2C371A380076F2C4 /* TimePicker.swift */ = {isa = PBXFileReference; lastKnownFileType = sourcecode.swift; path = TimePicker.swift; sourceTree = "<group>"; };
		32E3790D2C3721F30076F2C4 /* DoctorDetailsColumn.swift */ = {isa = PBXFileReference; lastKnownFileType = sourcecode.swift; path = DoctorDetailsColumn.swift; sourceTree = "<group>"; };
		32E3790F2C3725210076F2C4 /* DoctorSettings.swift */ = {isa = PBXFileReference; lastKnownFileType = sourcecode.swift; path = DoctorSettings.swift; sourceTree = "<group>"; };
		32E379132C373F980076F2C4 /* AdminStaffAddView.swift */ = {isa = PBXFileReference; lastKnownFileType = sourcecode.swift; path = AdminStaffAddView.swift; sourceTree = "<group>"; };
		4850DB5D2C369E56001D10A1 /* AdminAppointmentsList.swift */ = {isa = PBXFileReference; lastKnownFileType = sourcecode.swift; path = AdminAppointmentsList.swift; sourceTree = "<group>"; };
		4850DB5F2C36BB50001D10A1 /* Appointment.swift */ = {isa = PBXFileReference; lastKnownFileType = sourcecode.swift; path = Appointment.swift; sourceTree = "<group>"; };
		8201C8622C36B1040034B93F /* AdminDoctorAddView.swift */ = {isa = PBXFileReference; fileEncoding = 4; lastKnownFileType = sourcecode.swift; path = AdminDoctorAddView.swift; sourceTree = "<group>"; };
		8201C86C2C3736540034B93F /* AdminStaffView.swift */ = {isa = PBXFileReference; lastKnownFileType = sourcecode.swift; path = AdminStaffView.swift; sourceTree = "<group>"; };
		82CBE7882C366F250033B971 /* AdminDoctorListView.swift */ = {isa = PBXFileReference; lastKnownFileType = sourcecode.swift; path = AdminDoctorListView.swift; sourceTree = "<group>"; };
		D54FB27E2C3672270011304E /* Patient.swift */ = {isa = PBXFileReference; lastKnownFileType = sourcecode.swift; path = Patient.swift; sourceTree = "<group>"; };
/* End PBXFileReference section */

/* Begin PBXFrameworksBuildPhase section */
		324C9CD12C355D4800712E84 /* Frameworks */ = {
			isa = PBXFrameworksBuildPhase;
			buildActionMask = 2147483647;
			files = (
				324C9CF52C35D7D900712E84 /* Storage in Frameworks */,
				324C9CF32C35D7D900712E84 /* Auth in Frameworks */,
				324C9CF82C35D7E200712E84 /* Supabase in Frameworks */,
			);
			runOnlyForDeploymentPostprocessing = 0;
		};
/* End PBXFrameworksBuildPhase section */

/* Begin PBXGroup section */
		324C9CCB2C355D4800712E84 = {
			isa = PBXGroup;
			children = (
				324C9CD62C355D4800712E84 /* iHospital Admin */,
				324C9CD52C355D4800712E84 /* Products */,
				324C9CF62C35D7E200712E84 /* Frameworks */,
			);
			sourceTree = "<group>";
		};
		324C9CD52C355D4800712E84 /* Products */ = {
			isa = PBXGroup;
			children = (
				324C9CD42C355D4800712E84 /* iHospital Admin.app */,
			);
			name = Products;
			sourceTree = "<group>";
		};
		324C9CD62C355D4800712E84 /* iHospital Admin */ = {
			isa = PBXGroup;
			children = (
				32E378FB2C36A9960076F2C4 /* iHospital-Admin-Info.plist */,
				324C9D032C35E22B00712E84 /* Components */,
				324C9D002C35E11200712E84 /* Extensions */,
				324C9CFD2C35D9A100712E84 /* Models */,
				324C9CEE2C35D7A600712E84 /* Modules */,
				32E378F62C3680290076F2C4 /* ViewModels */,
				324C9CEB2C35CB6D00712E84 /* Views */,
				324C9CD72C355D4800712E84 /* iHospital_AdminApp.swift */,
				8201C86C2C3736540034B93F /* AdminStaffView.swift */,
				32E379132C373F980076F2C4 /* AdminStaffAddView.swift */,
				324C9CDB2C355D4A00712E84 /* Assets.xcassets */,
				324C9CDD2C355D4A00712E84 /* Preview Content */,
				324C9CF92C35D7F400712E84 /* Constants.swift */,
			);
			path = "iHospital Admin";
			sourceTree = "<group>";
		};
		324C9CDD2C355D4A00712E84 /* Preview Content */ = {
			isa = PBXGroup;
			children = (
				324C9CDE2C355D4A00712E84 /* Preview Assets.xcassets */,
			);
			path = "Preview Content";
			sourceTree = "<group>";
		};
		324C9CEB2C35CB6D00712E84 /* Views */ = {
			isa = PBXGroup;
			children = (
				32E379022C3709970076F2C4 /* Doctor */,
				32E378F12C367B4A0076F2C4 /* Admin */,
				324C9CEC2C35CDF400712E84 /* LoginView.swift */,
			);
			path = Views;
			sourceTree = "<group>";
		};
		324C9CEE2C35D7A600712E84 /* Modules */ = {
			isa = PBXGroup;
			children = (
				324C9CEF2C35D7B200712E84 /* Supabase.swift */,
			);
			path = Modules;
			sourceTree = "<group>";
		};
		324C9CF62C35D7E200712E84 /* Frameworks */ = {
			isa = PBXGroup;
			children = (
			);
			name = Frameworks;
			sourceTree = "<group>";
		};
		324C9CFD2C35D9A100712E84 /* Models */ = {
			isa = PBXGroup;
			children = (
				324C9CFB2C35D85800712E84 /* SupaUser.swift */,
				324C9CFE2C35D9B600712E84 /* Roles.swift */,
				D54FB27E2C3672270011304E /* Patient.swift */,
				32E378EB2C365A790076F2C4 /* Doctor.swift */,
				32E378ED2C365AA90076F2C4 /* Gender.swift */,
				32E378EF2C365BE20076F2C4 /* Department.swift */,
				32E3790F2C3725210076F2C4 /* DoctorSettings.swift */,
				4850DB5F2C36BB50001D10A1 /* Appointment.swift */,
				3284098C2C380C0600473841 /* BloodGroup.swift */,
			);
			path = Models;
			sourceTree = "<group>";
		};
		324C9D002C35E11200712E84 /* Extensions */ = {
			isa = PBXGroup;
			children = (
				324C9D012C35E11E00712E84 /* View.swift */,
				32E379092C37195C0076F2C4 /* DateFormatter.swift */,
			);
			path = Extensions;
			sourceTree = "<group>";
		};
		324C9D032C35E22B00712E84 /* Components */ = {
			isa = PBXGroup;
			children = (
				32E3790D2C3721F30076F2C4 /* DoctorDetailsColumn.swift */,
				324C9D042C35E24500712E84 /* LoaderButton.swift */,
				32E3790B2C371A380076F2C4 /* TimePicker.swift */,
			);
			path = Components;
			sourceTree = "<group>";
		};
		32E378F12C367B4A0076F2C4 /* Admin */ = {
			isa = PBXGroup;
			children = (
				32E378F22C367CEF0076F2C4 /* AdminDashboardView.swift */,
				4850DB5D2C369E56001D10A1 /* AdminAppointmentsList.swift */,
				32E378F92C36820B0076F2C4 /* AdminDepartmentView.swift */,
				8201C8622C36B1040034B93F /* AdminDoctorAddView.swift */,
				82CBE7882C366F250033B971 /* AdminDoctorListView.swift */,
				32E378F42C367CF70076F2C4 /* AdminSidebarView.swift */,
			);
			path = Admin;
			sourceTree = "<group>";
		};
		32E378F62C3680290076F2C4 /* ViewModels */ = {
			isa = PBXGroup;
			children = (
				32E378F72C3680450076F2C4 /* AdminDepartmentViewModel.swift */,
				32E378FE2C36CA690076F2C4 /* AdminDoctorViewModel.swift */,
				32E379002C36FB5E0076F2C4 /* AuthViewModel.swift */,
				32E379052C370ADE0076F2C4 /* DoctorDetailViewModel.swift */,
			);
			path = ViewModels;
			sourceTree = "<group>";
		};
		32E379022C3709970076F2C4 /* Doctor */ = {
			isa = PBXGroup;
			children = (
				32E379032C370A2F0076F2C4 /* DoctorDashboardView.swift */,
				32E379072C3715A80076F2C4 /* DoctorSettingView.swift */,
			);
			path = Doctor;
			sourceTree = "<group>";
		};
/* End PBXGroup section */

/* Begin PBXNativeTarget section */
		324C9CD32C355D4800712E84 /* iHospital Admin */ = {
			isa = PBXNativeTarget;
			buildConfigurationList = 324C9CE22C355D4A00712E84 /* Build configuration list for PBXNativeTarget "iHospital Admin" */;
			buildPhases = (
				324C9CD02C355D4800712E84 /* Sources */,
				324C9CD12C355D4800712E84 /* Frameworks */,
				324C9CD22C355D4800712E84 /* Resources */,
			);
			buildRules = (
			);
			dependencies = (
			);
			name = "iHospital Admin";
			packageProductDependencies = (
				324C9CF22C35D7D900712E84 /* Auth */,
				324C9CF42C35D7D900712E84 /* Storage */,
				324C9CF72C35D7E200712E84 /* Supabase */,
			);
			productName = "iHospital Admin";
			productReference = 324C9CD42C355D4800712E84 /* iHospital Admin.app */;
			productType = "com.apple.product-type.application";
		};
/* End PBXNativeTarget section */

/* Begin PBXProject section */
		324C9CCC2C355D4800712E84 /* Project object */ = {
			isa = PBXProject;
			attributes = {
				BuildIndependentTargetsInParallel = 1;
				LastSwiftUpdateCheck = 1540;
				LastUpgradeCheck = 1540;
				TargetAttributes = {
					324C9CD32C355D4800712E84 = {
						CreatedOnToolsVersion = 15.4;
					};
				};
			};
			buildConfigurationList = 324C9CCF2C355D4800712E84 /* Build configuration list for PBXProject "iHospital Admin" */;
			compatibilityVersion = "Xcode 14.0";
			developmentRegion = en;
			hasScannedForEncodings = 0;
			knownRegions = (
				en,
				Base,
			);
			mainGroup = 324C9CCB2C355D4800712E84;
			packageReferences = (
				324C9CF12C35D7D900712E84 /* XCRemoteSwiftPackageReference "supabase-swift" */,
			);
			productRefGroup = 324C9CD52C355D4800712E84 /* Products */;
			projectDirPath = "";
			projectRoot = "";
			targets = (
				324C9CD32C355D4800712E84 /* iHospital Admin */,
			);
		};
/* End PBXProject section */

/* Begin PBXResourcesBuildPhase section */
		324C9CD22C355D4800712E84 /* Resources */ = {
			isa = PBXResourcesBuildPhase;
			buildActionMask = 2147483647;
			files = (
				324C9CDF2C355D4A00712E84 /* Preview Assets.xcassets in Resources */,
				324C9CDC2C355D4A00712E84 /* Assets.xcassets in Resources */,
			);
			runOnlyForDeploymentPostprocessing = 0;
		};
/* End PBXResourcesBuildPhase section */

/* Begin PBXSourcesBuildPhase section */
		324C9CD02C355D4800712E84 /* Sources */ = {
			isa = PBXSourcesBuildPhase;
			buildActionMask = 2147483647;
			files = (
				32E378EE2C365AA90076F2C4 /* Gender.swift in Sources */,
				32E378EC2C365A790076F2C4 /* Doctor.swift in Sources */,
				32E378FA2C36820B0076F2C4 /* AdminDepartmentView.swift in Sources */,
				324C9CF02C35D7B200712E84 /* Supabase.swift in Sources */,
				32E379042C370A2F0076F2C4 /* DoctorDashboardView.swift in Sources */,
				32E379062C370ADE0076F2C4 /* DoctorDetailViewModel.swift in Sources */,
				324C9CED2C35CDF400712E84 /* LoginView.swift in Sources */,
				32E379142C373F980076F2C4 /* AdminStaffAddView.swift in Sources */,
				3284098D2C380C0600473841 /* BloodGroup.swift in Sources */,
				324C9D052C35E24500712E84 /* LoaderButton.swift in Sources */,
				D54FB27F2C3672270011304E /* Patient.swift in Sources */,
				4850DB5E2C369E56001D10A1 /* AdminAppointmentsList.swift in Sources */,
				8201C86D2C3736550034B93F /* AdminStaffView.swift in Sources */,
				32E3790C2C371A380076F2C4 /* TimePicker.swift in Sources */,
				324C9CD82C355D4800712E84 /* iHospital_AdminApp.swift in Sources */,
				32E378FF2C36CA690076F2C4 /* AdminDoctorViewModel.swift in Sources */,
				32E378F32C367CEF0076F2C4 /* AdminDashboardView.swift in Sources */,
				82CBE7892C366F250033B971 /* AdminDoctorListView.swift in Sources */,
				32E379102C3725210076F2C4 /* DoctorSettings.swift in Sources */,
				32E3790A2C37195C0076F2C4 /* DateFormatter.swift in Sources */,
				32E3790E2C3721F30076F2C4 /* DoctorDetailsColumn.swift in Sources */,
				324C9D022C35E11E00712E84 /* View.swift in Sources */,
				32E378F02C365BE20076F2C4 /* Department.swift in Sources */,
				324C9CFA2C35D7F400712E84 /* Constants.swift in Sources */,
				32E378F82C3680450076F2C4 /* AdminDepartmentViewModel.swift in Sources */,
				324C9CFC2C35D85800712E84 /* SupaUser.swift in Sources */,
				32E379012C36FB5E0076F2C4 /* AuthViewModel.swift in Sources */,
				324C9CFF2C35D9B600712E84 /* Roles.swift in Sources */,
				32E378F52C367CF70076F2C4 /* AdminSidebarView.swift in Sources */,
				32E379082C3715A80076F2C4 /* DoctorSettingView.swift in Sources */,
				8201C8632C36B1040034B93F /* AdminDoctorAddView.swift in Sources */,
				4850DB602C36BB50001D10A1 /* Appointment.swift in Sources */,
			);
			runOnlyForDeploymentPostprocessing = 0;
		};
/* End PBXSourcesBuildPhase section */

/* Begin XCBuildConfiguration section */
		324C9CE02C355D4A00712E84 /* Debug */ = {
			isa = XCBuildConfiguration;
			buildSettings = {
				ALWAYS_SEARCH_USER_PATHS = NO;
				ASSETCATALOG_COMPILER_GENERATE_SWIFT_ASSET_SYMBOL_EXTENSIONS = YES;
				CLANG_ANALYZER_NONNULL = YES;
				CLANG_ANALYZER_NUMBER_OBJECT_CONVERSION = YES_AGGRESSIVE;
				CLANG_CXX_LANGUAGE_STANDARD = "gnu++20";
				CLANG_ENABLE_MODULES = YES;
				CLANG_ENABLE_OBJC_ARC = YES;
				CLANG_ENABLE_OBJC_WEAK = YES;
				CLANG_WARN_BLOCK_CAPTURE_AUTORELEASING = YES;
				CLANG_WARN_BOOL_CONVERSION = YES;
				CLANG_WARN_COMMA = YES;
				CLANG_WARN_CONSTANT_CONVERSION = YES;
				CLANG_WARN_DEPRECATED_OBJC_IMPLEMENTATIONS = YES;
				CLANG_WARN_DIRECT_OBJC_ISA_USAGE = YES_ERROR;
				CLANG_WARN_DOCUMENTATION_COMMENTS = YES;
				CLANG_WARN_EMPTY_BODY = YES;
				CLANG_WARN_ENUM_CONVERSION = YES;
				CLANG_WARN_INFINITE_RECURSION = YES;
				CLANG_WARN_INT_CONVERSION = YES;
				CLANG_WARN_NON_LITERAL_NULL_CONVERSION = YES;
				CLANG_WARN_OBJC_IMPLICIT_RETAIN_SELF = YES;
				CLANG_WARN_OBJC_LITERAL_CONVERSION = YES;
				CLANG_WARN_OBJC_ROOT_CLASS = YES_ERROR;
				CLANG_WARN_QUOTED_INCLUDE_IN_FRAMEWORK_HEADER = YES;
				CLANG_WARN_RANGE_LOOP_ANALYSIS = YES;
				CLANG_WARN_STRICT_PROTOTYPES = YES;
				CLANG_WARN_SUSPICIOUS_MOVE = YES;
				CLANG_WARN_UNGUARDED_AVAILABILITY = YES_AGGRESSIVE;
				CLANG_WARN_UNREACHABLE_CODE = YES;
				CLANG_WARN__DUPLICATE_METHOD_MATCH = YES;
				COPY_PHASE_STRIP = NO;
				DEBUG_INFORMATION_FORMAT = dwarf;
				ENABLE_STRICT_OBJC_MSGSEND = YES;
				ENABLE_TESTABILITY = YES;
				ENABLE_USER_SCRIPT_SANDBOXING = YES;
				GCC_C_LANGUAGE_STANDARD = gnu17;
				GCC_DYNAMIC_NO_PIC = NO;
				GCC_NO_COMMON_BLOCKS = YES;
				GCC_OPTIMIZATION_LEVEL = 0;
				GCC_PREPROCESSOR_DEFINITIONS = (
					"DEBUG=1",
					"$(inherited)",
				);
				GCC_WARN_64_TO_32_BIT_CONVERSION = YES;
				GCC_WARN_ABOUT_RETURN_TYPE = YES_ERROR;
				GCC_WARN_UNDECLARED_SELECTOR = YES;
				GCC_WARN_UNINITIALIZED_AUTOS = YES_AGGRESSIVE;
				GCC_WARN_UNUSED_FUNCTION = YES;
				GCC_WARN_UNUSED_VARIABLE = YES;
				IPHONEOS_DEPLOYMENT_TARGET = 17.5;
				LOCALIZATION_PREFERS_STRING_CATALOGS = YES;
				MTL_ENABLE_DEBUG_INFO = INCLUDE_SOURCE;
				MTL_FAST_MATH = YES;
				ONLY_ACTIVE_ARCH = YES;
				SDKROOT = iphoneos;
				SWIFT_ACTIVE_COMPILATION_CONDITIONS = "DEBUG $(inherited)";
				SWIFT_OPTIMIZATION_LEVEL = "-Onone";
			};
			name = Debug;
		};
		324C9CE12C355D4A00712E84 /* Release */ = {
			isa = XCBuildConfiguration;
			buildSettings = {
				ALWAYS_SEARCH_USER_PATHS = NO;
				ASSETCATALOG_COMPILER_GENERATE_SWIFT_ASSET_SYMBOL_EXTENSIONS = YES;
				CLANG_ANALYZER_NONNULL = YES;
				CLANG_ANALYZER_NUMBER_OBJECT_CONVERSION = YES_AGGRESSIVE;
				CLANG_CXX_LANGUAGE_STANDARD = "gnu++20";
				CLANG_ENABLE_MODULES = YES;
				CLANG_ENABLE_OBJC_ARC = YES;
				CLANG_ENABLE_OBJC_WEAK = YES;
				CLANG_WARN_BLOCK_CAPTURE_AUTORELEASING = YES;
				CLANG_WARN_BOOL_CONVERSION = YES;
				CLANG_WARN_COMMA = YES;
				CLANG_WARN_CONSTANT_CONVERSION = YES;
				CLANG_WARN_DEPRECATED_OBJC_IMPLEMENTATIONS = YES;
				CLANG_WARN_DIRECT_OBJC_ISA_USAGE = YES_ERROR;
				CLANG_WARN_DOCUMENTATION_COMMENTS = YES;
				CLANG_WARN_EMPTY_BODY = YES;
				CLANG_WARN_ENUM_CONVERSION = YES;
				CLANG_WARN_INFINITE_RECURSION = YES;
				CLANG_WARN_INT_CONVERSION = YES;
				CLANG_WARN_NON_LITERAL_NULL_CONVERSION = YES;
				CLANG_WARN_OBJC_IMPLICIT_RETAIN_SELF = YES;
				CLANG_WARN_OBJC_LITERAL_CONVERSION = YES;
				CLANG_WARN_OBJC_ROOT_CLASS = YES_ERROR;
				CLANG_WARN_QUOTED_INCLUDE_IN_FRAMEWORK_HEADER = YES;
				CLANG_WARN_RANGE_LOOP_ANALYSIS = YES;
				CLANG_WARN_STRICT_PROTOTYPES = YES;
				CLANG_WARN_SUSPICIOUS_MOVE = YES;
				CLANG_WARN_UNGUARDED_AVAILABILITY = YES_AGGRESSIVE;
				CLANG_WARN_UNREACHABLE_CODE = YES;
				CLANG_WARN__DUPLICATE_METHOD_MATCH = YES;
				COPY_PHASE_STRIP = NO;
				DEBUG_INFORMATION_FORMAT = "dwarf-with-dsym";
				ENABLE_NS_ASSERTIONS = NO;
				ENABLE_STRICT_OBJC_MSGSEND = YES;
				ENABLE_USER_SCRIPT_SANDBOXING = YES;
				GCC_C_LANGUAGE_STANDARD = gnu17;
				GCC_NO_COMMON_BLOCKS = YES;
				GCC_WARN_64_TO_32_BIT_CONVERSION = YES;
				GCC_WARN_ABOUT_RETURN_TYPE = YES_ERROR;
				GCC_WARN_UNDECLARED_SELECTOR = YES;
				GCC_WARN_UNINITIALIZED_AUTOS = YES_AGGRESSIVE;
				GCC_WARN_UNUSED_FUNCTION = YES;
				GCC_WARN_UNUSED_VARIABLE = YES;
				IPHONEOS_DEPLOYMENT_TARGET = 17.5;
				LOCALIZATION_PREFERS_STRING_CATALOGS = YES;
				MTL_ENABLE_DEBUG_INFO = NO;
				MTL_FAST_MATH = YES;
				SDKROOT = iphoneos;
				SWIFT_COMPILATION_MODE = wholemodule;
				VALIDATE_PRODUCT = YES;
			};
			name = Release;
		};
		324C9CE32C355D4A00712E84 /* Debug */ = {
			isa = XCBuildConfiguration;
			buildSettings = {
				ASSETCATALOG_COMPILER_APPICON_NAME = AppIcon;
				ASSETCATALOG_COMPILER_GLOBAL_ACCENT_COLOR_NAME = AccentColor;
				CODE_SIGN_STYLE = Automatic;
				CURRENT_PROJECT_VERSION = 1;
				DEVELOPMENT_ASSET_PATHS = "\"iHospital Admin/Preview Content\"";
				DEVELOPMENT_TEAM = "";
				ENABLE_PREVIEWS = YES;
				GENERATE_INFOPLIST_FILE = YES;
				INFOPLIST_FILE = "iHospital-Admin-Info.plist";
				INFOPLIST_KEY_UIApplicationSceneManifest_Generation = YES;
				INFOPLIST_KEY_UIApplicationSupportsIndirectInputEvents = YES;
				INFOPLIST_KEY_UILaunchScreen_Generation = YES;
				INFOPLIST_KEY_UISupportedInterfaceOrientations_iPad = "UIInterfaceOrientationPortrait UIInterfaceOrientationPortraitUpsideDown UIInterfaceOrientationLandscapeLeft UIInterfaceOrientationLandscapeRight";
				INFOPLIST_KEY_UISupportedInterfaceOrientations_iPhone = "UIInterfaceOrientationPortrait UIInterfaceOrientationLandscapeLeft UIInterfaceOrientationLandscapeRight";
				IPHONEOS_DEPLOYMENT_TARGET = 16.0;
				LD_RUNPATH_SEARCH_PATHS = (
					"$(inherited)",
					"@executable_path/Frameworks",
				);
				MARKETING_VERSION = 1.0;
				PRODUCT_BUNDLE_IDENTIFIER = "com.viperadnan.iHospital-Admin";
				PRODUCT_NAME = "$(TARGET_NAME)";
				SWIFT_EMIT_LOC_STRINGS = YES;
				SWIFT_VERSION = 5.0;
				TARGETED_DEVICE_FAMILY = "1,2";
			};
			name = Debug;
		};
		324C9CE42C355D4A00712E84 /* Release */ = {
			isa = XCBuildConfiguration;
			buildSettings = {
				ASSETCATALOG_COMPILER_APPICON_NAME = AppIcon;
				ASSETCATALOG_COMPILER_GLOBAL_ACCENT_COLOR_NAME = AccentColor;
				CODE_SIGN_STYLE = Automatic;
				CURRENT_PROJECT_VERSION = 1;
				DEVELOPMENT_ASSET_PATHS = "\"iHospital Admin/Preview Content\"";
				DEVELOPMENT_TEAM = "";
				ENABLE_PREVIEWS = YES;
				GENERATE_INFOPLIST_FILE = YES;
				INFOPLIST_FILE = "iHospital-Admin-Info.plist";
				INFOPLIST_KEY_UIApplicationSceneManifest_Generation = YES;
				INFOPLIST_KEY_UIApplicationSupportsIndirectInputEvents = YES;
				INFOPLIST_KEY_UILaunchScreen_Generation = YES;
				INFOPLIST_KEY_UISupportedInterfaceOrientations_iPad = "UIInterfaceOrientationPortrait UIInterfaceOrientationPortraitUpsideDown UIInterfaceOrientationLandscapeLeft UIInterfaceOrientationLandscapeRight";
				INFOPLIST_KEY_UISupportedInterfaceOrientations_iPhone = "UIInterfaceOrientationPortrait UIInterfaceOrientationLandscapeLeft UIInterfaceOrientationLandscapeRight";
				IPHONEOS_DEPLOYMENT_TARGET = 16.0;
				LD_RUNPATH_SEARCH_PATHS = (
					"$(inherited)",
					"@executable_path/Frameworks",
				);
				MARKETING_VERSION = 1.0;
				PRODUCT_BUNDLE_IDENTIFIER = "com.viperadnan.iHospital-Admin";
				PRODUCT_NAME = "$(TARGET_NAME)";
				SWIFT_EMIT_LOC_STRINGS = YES;
				SWIFT_VERSION = 5.0;
				TARGETED_DEVICE_FAMILY = "1,2";
			};
			name = Release;
		};
/* End XCBuildConfiguration section */

/* Begin XCConfigurationList section */
		324C9CCF2C355D4800712E84 /* Build configuration list for PBXProject "iHospital Admin" */ = {
			isa = XCConfigurationList;
			buildConfigurations = (
				324C9CE02C355D4A00712E84 /* Debug */,
				324C9CE12C355D4A00712E84 /* Release */,
			);
			defaultConfigurationIsVisible = 0;
			defaultConfigurationName = Release;
		};
		324C9CE22C355D4A00712E84 /* Build configuration list for PBXNativeTarget "iHospital Admin" */ = {
			isa = XCConfigurationList;
			buildConfigurations = (
				324C9CE32C355D4A00712E84 /* Debug */,
				324C9CE42C355D4A00712E84 /* Release */,
			);
			defaultConfigurationIsVisible = 0;
			defaultConfigurationName = Release;
		};
/* End XCConfigurationList section */

/* Begin XCRemoteSwiftPackageReference section */
		324C9CF12C35D7D900712E84 /* XCRemoteSwiftPackageReference "supabase-swift" */ = {
			isa = XCRemoteSwiftPackageReference;
			repositoryURL = "https://github.com/supabase/supabase-swift";
			requirement = {
				kind = upToNextMajorVersion;
				minimumVersion = 2.5.1;
			};
		};
/* End XCRemoteSwiftPackageReference section */

/* Begin XCSwiftPackageProductDependency section */
		324C9CF22C35D7D900712E84 /* Auth */ = {
			isa = XCSwiftPackageProductDependency;
			package = 324C9CF12C35D7D900712E84 /* XCRemoteSwiftPackageReference "supabase-swift" */;
			productName = Auth;
		};
		324C9CF42C35D7D900712E84 /* Storage */ = {
			isa = XCSwiftPackageProductDependency;
			package = 324C9CF12C35D7D900712E84 /* XCRemoteSwiftPackageReference "supabase-swift" */;
			productName = Storage;
		};
		324C9CF72C35D7E200712E84 /* Supabase */ = {
			isa = XCSwiftPackageProductDependency;
			package = 324C9CF12C35D7D900712E84 /* XCRemoteSwiftPackageReference "supabase-swift" */;
			productName = Supabase;
		};
/* End XCSwiftPackageProductDependency section */
	};
	rootObject = 324C9CCC2C355D4800712E84 /* Project object */;
}
